// !$*UTF8*$!
{
	archiveVersion = 1;
	classes = {
	};
	objectVersion = 56;
	objects = {

/* Begin PBXBuildFile section */
		8AC74E4729F663420092B648 /* WorkingWithListApp.swift in Sources */ = {isa = PBXBuildFile; fileRef = 8AC74E4629F663420092B648 /* WorkingWithListApp.swift */; };
		8AC74E4929F663420092B648 /* ContentView.swift in Sources */ = {isa = PBXBuildFile; fileRef = 8AC74E4829F663420092B648 /* ContentView.swift */; };
		8AC74E4B29F663440092B648 /* Assets.xcassets in Resources */ = {isa = PBXBuildFile; fileRef = 8AC74E4A29F663440092B648 /* Assets.xcassets */; };
		8AC74E4E29F663440092B648 /* Preview Assets.xcassets in Resources */ = {isa = PBXBuildFile; fileRef = 8AC74E4D29F663440092B648 /* Preview Assets.xcassets */; };
		8AC74E5629F663CA0092B648 /* SimpleListView.swift in Sources */ = {isa = PBXBuildFile; fileRef = 8AC74E5529F663CA0092B648 /* SimpleListView.swift */; };
		8AC74E5929F669AA0092B648 /* HeartButton.swift in Sources */ = {isa = PBXBuildFile; fileRef = 8AC74E5829F669AA0092B648 /* HeartButton.swift */; };
		8AC74E5B29F671760092B648 /* StaticRowsList.swift in Sources */ = {isa = PBXBuildFile; fileRef = 8AC74E5A29F671760092B648 /* StaticRowsList.swift */; };
		8AC74E5D29F671EC0092B648 /* LoopItemsList.swift in Sources */ = {isa = PBXBuildFile; fileRef = 8AC74E5C29F671EC0092B648 /* LoopItemsList.swift */; };
		8AC74E6129F676920092B648 /* LoopItemsViewModel.swift in Sources */ = {isa = PBXBuildFile; fileRef = 8AC74E6029F676920092B648 /* LoopItemsViewModel.swift */; };
		8AC74E6429F677380092B648 /* User.swift in Sources */ = {isa = PBXBuildFile; fileRef = 8AC74E6329F677380092B648 /* User.swift */; };
		8AC74E6829F67CCF0092B648 /* UserCell.swift in Sources */ = {isa = PBXBuildFile; fileRef = 8AC74E6729F67CCF0092B648 /* UserCell.swift */; };
		8AC74E6A29F67CE00092B648 /* UserList.swift in Sources */ = {isa = PBXBuildFile; fileRef = 8AC74E6929F67CE00092B648 /* UserList.swift */; };
		8AC74E6E29F76DC50092B648 /* DynamicListView.swift in Sources */ = {isa = PBXBuildFile; fileRef = 8AC74E6D29F76DC50092B648 /* DynamicListView.swift */; };
		8AC74E7029F76E1F0092B648 /* UserDetail.swift in Sources */ = {isa = PBXBuildFile; fileRef = 8AC74E6F29F76E1F0092B648 /* UserDetail.swift */; };
		8AC74E7529F788750092B648 /* AggregateListView.swift in Sources */ = {isa = PBXBuildFile; fileRef = 8AC74E7429F788750092B648 /* AggregateListView.swift */; };
		8AC74E7729F788FF0092B648 /* AggregateListViewModel.swift in Sources */ = {isa = PBXBuildFile; fileRef = 8AC74E7629F788FF0092B648 /* AggregateListViewModel.swift */; };
		8AC74E7B29F7943E0092B648 /* MenuItem.swift in Sources */ = {isa = PBXBuildFile; fileRef = 8AC74E7A29F7943E0092B648 /* MenuItem.swift */; };
		8AC74E7D29F794C70092B648 /* ExpandableListView.swift in Sources */ = {isa = PBXBuildFile; fileRef = 8AC74E7C29F794C70092B648 /* ExpandableListView.swift */; };
		8AC74E8129F794EC0092B648 /* ExpandableListViewModel.swift in Sources */ = {isa = PBXBuildFile; fileRef = 8AC74E8029F794EC0092B648 /* ExpandableListViewModel.swift */; };
		8AC74E8329F7B7F40092B648 /* FoodCell.swift in Sources */ = {isa = PBXBuildFile; fileRef = 8AC74E8229F7B7F40092B648 /* FoodCell.swift */; };
/* End PBXBuildFile section */

/* Begin PBXFileReference section */
		8AC74E4329F663420092B648 /* WorkingWithList.app */ = {isa = PBXFileReference; explicitFileType = wrapper.application; includeInIndex = 0; path = WorkingWithList.app; sourceTree = BUILT_PRODUCTS_DIR; };
		8AC74E4629F663420092B648 /* WorkingWithListApp.swift */ = {isa = PBXFileReference; lastKnownFileType = sourcecode.swift; path = WorkingWithListApp.swift; sourceTree = "<group>"; };
		8AC74E4829F663420092B648 /* ContentView.swift */ = {isa = PBXFileReference; lastKnownFileType = sourcecode.swift; path = ContentView.swift; sourceTree = "<group>"; };
		8AC74E4A29F663440092B648 /* Assets.xcassets */ = {isa = PBXFileReference; lastKnownFileType = folder.assetcatalog; path = Assets.xcassets; sourceTree = "<group>"; };
		8AC74E4D29F663440092B648 /* Preview Assets.xcassets */ = {isa = PBXFileReference; lastKnownFileType = folder.assetcatalog; path = "Preview Assets.xcassets"; sourceTree = "<group>"; };
		8AC74E5529F663CA0092B648 /* SimpleListView.swift */ = {isa = PBXFileReference; lastKnownFileType = sourcecode.swift; path = SimpleListView.swift; sourceTree = "<group>"; };
		8AC74E5829F669AA0092B648 /* HeartButton.swift */ = {isa = PBXFileReference; lastKnownFileType = sourcecode.swift; path = HeartButton.swift; sourceTree = "<group>"; };
		8AC74E5A29F671760092B648 /* StaticRowsList.swift */ = {isa = PBXFileReference; lastKnownFileType = sourcecode.swift; path = StaticRowsList.swift; sourceTree = "<group>"; };
		8AC74E5C29F671EC0092B648 /* LoopItemsList.swift */ = {isa = PBXFileReference; lastKnownFileType = sourcecode.swift; path = LoopItemsList.swift; sourceTree = "<group>"; };
		8AC74E6029F676920092B648 /* LoopItemsViewModel.swift */ = {isa = PBXFileReference; lastKnownFileType = sourcecode.swift; path = LoopItemsViewModel.swift; sourceTree = "<group>"; };
		8AC74E6329F677380092B648 /* User.swift */ = {isa = PBXFileReference; lastKnownFileType = sourcecode.swift; path = User.swift; sourceTree = "<group>"; };
		8AC74E6729F67CCF0092B648 /* UserCell.swift */ = {isa = PBXFileReference; lastKnownFileType = sourcecode.swift; path = UserCell.swift; sourceTree = "<group>"; };
		8AC74E6929F67CE00092B648 /* UserList.swift */ = {isa = PBXFileReference; lastKnownFileType = sourcecode.swift; path = UserList.swift; sourceTree = "<group>"; };
		8AC74E6D29F76DC50092B648 /* DynamicListView.swift */ = {isa = PBXFileReference; lastKnownFileType = sourcecode.swift; path = DynamicListView.swift; sourceTree = "<group>"; };
		8AC74E6F29F76E1F0092B648 /* UserDetail.swift */ = {isa = PBXFileReference; lastKnownFileType = sourcecode.swift; path = UserDetail.swift; sourceTree = "<group>"; };
		8AC74E7429F788750092B648 /* AggregateListView.swift */ = {isa = PBXFileReference; lastKnownFileType = sourcecode.swift; path = AggregateListView.swift; sourceTree = "<group>"; };
		8AC74E7629F788FF0092B648 /* AggregateListViewModel.swift */ = {isa = PBXFileReference; lastKnownFileType = sourcecode.swift; path = AggregateListViewModel.swift; sourceTree = "<group>"; };
		8AC74E7A29F7943E0092B648 /* MenuItem.swift */ = {isa = PBXFileReference; lastKnownFileType = sourcecode.swift; path = MenuItem.swift; sourceTree = "<group>"; };
		8AC74E7C29F794C70092B648 /* ExpandableListView.swift */ = {isa = PBXFileReference; lastKnownFileType = sourcecode.swift; path = ExpandableListView.swift; sourceTree = "<group>"; };
		8AC74E8029F794EC0092B648 /* ExpandableListViewModel.swift */ = {isa = PBXFileReference; lastKnownFileType = sourcecode.swift; path = ExpandableListViewModel.swift; sourceTree = "<group>"; };
		8AC74E8229F7B7F40092B648 /* FoodCell.swift */ = {isa = PBXFileReference; lastKnownFileType = sourcecode.swift; path = FoodCell.swift; sourceTree = "<group>"; };
/* End PBXFileReference section */

/* Begin PBXFrameworksBuildPhase section */
		8AC74E4029F663420092B648 /* Frameworks */ = {
			isa = PBXFrameworksBuildPhase;
			buildActionMask = 2147483647;
			files = (
			);
			runOnlyForDeploymentPostprocessing = 0;
		};
/* End PBXFrameworksBuildPhase section */

/* Begin PBXGroup section */
		8AC74E3A29F663420092B648 = {
			isa = PBXGroup;
			children = (
				8AC74E4529F663420092B648 /* WorkingWithList */,
				8AC74E4429F663420092B648 /* Products */,
			);
			sourceTree = "<group>";
		};
		8AC74E4429F663420092B648 /* Products */ = {
			isa = PBXGroup;
			children = (
				8AC74E4329F663420092B648 /* WorkingWithList.app */,
			);
			name = Products;
			sourceTree = "<group>";
		};
		8AC74E4529F663420092B648 /* WorkingWithList */ = {
			isa = PBXGroup;
			children = (
				8AC74E7829F7941E0092B648 /* Expandable List */,
				8AC74E7129F787910092B648 /* Sections & Groups */,
				8AC74E6B29F76D920092B648 /* Dynamic List */,
				8AC74E6229F677280092B648 /* Model */,
				8AC74E5729F669920092B648 /* MyButton */,
				8AC74E5429F663B60092B648 /* Simple List */,
				8AC74E4629F663420092B648 /* WorkingWithListApp.swift */,
				8AC74E4829F663420092B648 /* ContentView.swift */,
				8AC74E4A29F663440092B648 /* Assets.xcassets */,
				8AC74E4C29F663440092B648 /* Preview Content */,
			);
			path = WorkingWithList;
			sourceTree = "<group>";
		};
		8AC74E4C29F663440092B648 /* Preview Content */ = {
			isa = PBXGroup;
			children = (
				8AC74E4D29F663440092B648 /* Preview Assets.xcassets */,
			);
			path = "Preview Content";
			sourceTree = "<group>";
		};
		8AC74E5429F663B60092B648 /* Simple List */ = {
			isa = PBXGroup;
			children = (
				8AC74E6629F67CA80092B648 /* UsersList */,
				8AC74E5529F663CA0092B648 /* SimpleListView.swift */,
				8AC74E5A29F671760092B648 /* StaticRowsList.swift */,
				8AC74E5C29F671EC0092B648 /* LoopItemsList.swift */,
				8AC74E6029F676920092B648 /* LoopItemsViewModel.swift */,
			);
			path = "Simple List";
			sourceTree = "<group>";
		};
		8AC74E5729F669920092B648 /* MyButton */ = {
			isa = PBXGroup;
			children = (
				8AC74E5829F669AA0092B648 /* HeartButton.swift */,
			);
			path = MyButton;
			sourceTree = "<group>";
		};
		8AC74E6229F677280092B648 /* Model */ = {
			isa = PBXGroup;
			children = (
				8AC74E6329F677380092B648 /* User.swift */,
				8AC74E7A29F7943E0092B648 /* MenuItem.swift */,
			);
			path = Model;
			sourceTree = "<group>";
		};
		8AC74E6629F67CA80092B648 /* UsersList */ = {
			isa = PBXGroup;
			children = (
				8AC74E6729F67CCF0092B648 /* UserCell.swift */,
				8AC74E6929F67CE00092B648 /* UserList.swift */,
			);
			path = UsersList;
			sourceTree = "<group>";
		};
		8AC74E6B29F76D920092B648 /* Dynamic List */ = {
			isa = PBXGroup;
			children = (
				8AC74E6D29F76DC50092B648 /* DynamicListView.swift */,
				8AC74E6F29F76E1F0092B648 /* UserDetail.swift */,
			);
			path = "Dynamic List";
			sourceTree = "<group>";
		};
		8AC74E7129F787910092B648 /* Sections & Groups */ = {
			isa = PBXGroup;
			children = (
				8AC74E7429F788750092B648 /* AggregateListView.swift */,
				8AC74E7629F788FF0092B648 /* AggregateListViewModel.swift */,
			);
			path = "Sections & Groups";
			sourceTree = "<group>";
		};
		8AC74E7829F7941E0092B648 /* Expandable List */ = {
			isa = PBXGroup;
			children = (
				8AC74E7C29F794C70092B648 /* ExpandableListView.swift */,
				8AC74E8029F794EC0092B648 /* ExpandableListViewModel.swift */,
				8AC74E8229F7B7F40092B648 /* FoodCell.swift */,
			);
			path = "Expandable List";
			sourceTree = "<group>";
		};
/* End PBXGroup section */

/* Begin PBXNativeTarget section */
		8AC74E4229F663420092B648 /* WorkingWithList */ = {
			isa = PBXNativeTarget;
			buildConfigurationList = 8AC74E5129F663440092B648 /* Build configuration list for PBXNativeTarget "WorkingWithList" */;
			buildPhases = (
				8AC74E3F29F663420092B648 /* Sources */,
				8AC74E4029F663420092B648 /* Frameworks */,
				8AC74E4129F663420092B648 /* Resources */,
			);
			buildRules = (
			);
			dependencies = (
			);
			name = WorkingWithList;
			productName = WorkingWithList;
			productReference = 8AC74E4329F663420092B648 /* WorkingWithList.app */;
			productType = "com.apple.product-type.application";
		};
/* End PBXNativeTarget section */

/* Begin PBXProject section */
		8AC74E3B29F663420092B648 /* Project object */ = {
			isa = PBXProject;
			attributes = {
				BuildIndependentTargetsInParallel = 1;
				LastSwiftUpdateCheck = 1420;
				LastUpgradeCheck = 1420;
				TargetAttributes = {
					8AC74E4229F663420092B648 = {
						CreatedOnToolsVersion = 14.2;
					};
				};
			};
			buildConfigurationList = 8AC74E3E29F663420092B648 /* Build configuration list for PBXProject "WorkingWithList" */;
			compatibilityVersion = "Xcode 14.0";
			developmentRegion = en;
			hasScannedForEncodings = 0;
			knownRegions = (
				en,
				Base,
			);
			mainGroup = 8AC74E3A29F663420092B648;
			productRefGroup = 8AC74E4429F663420092B648 /* Products */;
			projectDirPath = "";
			projectRoot = "";
			targets = (
				8AC74E4229F663420092B648 /* WorkingWithList */,
			);
		};
/* End PBXProject section */

/* Begin PBXResourcesBuildPhase section */
		8AC74E4129F663420092B648 /* Resources */ = {
			isa = PBXResourcesBuildPhase;
			buildActionMask = 2147483647;
			files = (
				8AC74E4E29F663440092B648 /* Preview Assets.xcassets in Resources */,
				8AC74E4B29F663440092B648 /* Assets.xcassets in Resources */,
			);
			runOnlyForDeploymentPostprocessing = 0;
		};
/* End PBXResourcesBuildPhase section */

/* Begin PBXSourcesBuildPhase section */
		8AC74E3F29F663420092B648 /* Sources */ = {
			isa = PBXSourcesBuildPhase;
			buildActionMask = 2147483647;
			files = (
				8AC74E6A29F67CE00092B648 /* UserList.swift in Sources */,
				8AC74E7529F788750092B648 /* AggregateListView.swift in Sources */,
				8AC74E7729F788FF0092B648 /* AggregateListViewModel.swift in Sources */,
				8AC74E7029F76E1F0092B648 /* UserDetail.swift in Sources */,
				8AC74E6129F676920092B648 /* LoopItemsViewModel.swift in Sources */,
				8AC74E5929F669AA0092B648 /* HeartButton.swift in Sources */,
				8AC74E4929F663420092B648 /* ContentView.swift in Sources */,
				8AC74E8329F7B7F40092B648 /* FoodCell.swift in Sources */,
				8AC74E5D29F671EC0092B648 /* LoopItemsList.swift in Sources */,
				8AC74E6E29F76DC50092B648 /* DynamicListView.swift in Sources */,
				8AC74E7B29F7943E0092B648 /* MenuItem.swift in Sources */,
				8AC74E6429F677380092B648 /* User.swift in Sources */,
				8AC74E6829F67CCF0092B648 /* UserCell.swift in Sources */,
				8AC74E4729F663420092B648 /* WorkingWithListApp.swift in Sources */,
				8AC74E8129F794EC0092B648 /* ExpandableListViewModel.swift in Sources */,
				8AC74E5629F663CA0092B648 /* SimpleListView.swift in Sources */,
				8AC74E7D29F794C70092B648 /* ExpandableListView.swift in Sources */,
				8AC74E5B29F671760092B648 /* StaticRowsList.swift in Sources */,
			);
			runOnlyForDeploymentPostprocessing = 0;
		};
/* End PBXSourcesBuildPhase section */

/* Begin XCBuildConfiguration section */
		8AC74E4F29F663440092B648 /* Debug */ = {
			isa = XCBuildConfiguration;
			buildSettings = {
				ALWAYS_SEARCH_USER_PATHS = NO;
				CLANG_ANALYZER_NONNULL = YES;
				CLANG_ANALYZER_NUMBER_OBJECT_CONVERSION = YES_AGGRESSIVE;
				CLANG_CXX_LANGUAGE_STANDARD = "gnu++20";
				CLANG_ENABLE_MODULES = YES;
				CLANG_ENABLE_OBJC_ARC = YES;
				CLANG_ENABLE_OBJC_WEAK = YES;
				CLANG_WARN_BLOCK_CAPTURE_AUTORELEASING = YES;
				CLANG_WARN_BOOL_CONVERSION = YES;
				CLANG_WARN_COMMA = YES;
				CLANG_WARN_CONSTANT_CONVERSION = YES;
				CLANG_WARN_DEPRECATED_OBJC_IMPLEMENTATIONS = YES;
				CLANG_WARN_DIRECT_OBJC_ISA_USAGE = YES_ERROR;
				CLANG_WARN_DOCUMENTATION_COMMENTS = YES;
				CLANG_WARN_EMPTY_BODY = YES;
				CLANG_WARN_ENUM_CONVERSION = YES;
				CLANG_WARN_INFINITE_RECURSION = YES;
				CLANG_WARN_INT_CONVERSION = YES;
				CLANG_WARN_NON_LITERAL_NULL_CONVERSION = YES;
				CLANG_WARN_OBJC_IMPLICIT_RETAIN_SELF = YES;
				CLANG_WARN_OBJC_LITERAL_CONVERSION = YES;
				CLANG_WARN_OBJC_ROOT_CLASS = YES_ERROR;
				CLANG_WARN_QUOTED_INCLUDE_IN_FRAMEWORK_HEADER = YES;
				CLANG_WARN_RANGE_LOOP_ANALYSIS = YES;
				CLANG_WARN_STRICT_PROTOTYPES = YES;
				CLANG_WARN_SUSPICIOUS_MOVE = YES;
				CLANG_WARN_UNGUARDED_AVAILABILITY = YES_AGGRESSIVE;
				CLANG_WARN_UNREACHABLE_CODE = YES;
				CLANG_WARN__DUPLICATE_METHOD_MATCH = YES;
				COPY_PHASE_STRIP = NO;
				DEBUG_INFORMATION_FORMAT = dwarf;
				ENABLE_STRICT_OBJC_MSGSEND = YES;
				ENABLE_TESTABILITY = YES;
				GCC_C_LANGUAGE_STANDARD = gnu11;
				GCC_DYNAMIC_NO_PIC = NO;
				GCC_NO_COMMON_BLOCKS = YES;
				GCC_OPTIMIZATION_LEVEL = 0;
				GCC_PREPROCESSOR_DEFINITIONS = (
					"DEBUG=1",
					"$(inherited)",
				);
				GCC_WARN_64_TO_32_BIT_CONVERSION = YES;
				GCC_WARN_ABOUT_RETURN_TYPE = YES_ERROR;
				GCC_WARN_UNDECLARED_SELECTOR = YES;
				GCC_WARN_UNINITIALIZED_AUTOS = YES_AGGRESSIVE;
				GCC_WARN_UNUSED_FUNCTION = YES;
				GCC_WARN_UNUSED_VARIABLE = YES;
				IPHONEOS_DEPLOYMENT_TARGET = 16.2;
				MTL_ENABLE_DEBUG_INFO = INCLUDE_SOURCE;
				MTL_FAST_MATH = YES;
				ONLY_ACTIVE_ARCH = YES;
				SDKROOT = iphoneos;
				SWIFT_ACTIVE_COMPILATION_CONDITIONS = DEBUG;
				SWIFT_OPTIMIZATION_LEVEL = "-Onone";
			};
			name = Debug;
		};
		8AC74E5029F663440092B648 /* Release */ = {
			isa = XCBuildConfiguration;
			buildSettings = {
				ALWAYS_SEARCH_USER_PATHS = NO;
				CLANG_ANALYZER_NONNULL = YES;
				CLANG_ANALYZER_NUMBER_OBJECT_CONVERSION = YES_AGGRESSIVE;
				CLANG_CXX_LANGUAGE_STANDARD = "gnu++20";
				CLANG_ENABLE_MODULES = YES;
				CLANG_ENABLE_OBJC_ARC = YES;
				CLANG_ENABLE_OBJC_WEAK = YES;
				CLANG_WARN_BLOCK_CAPTURE_AUTORELEASING = YES;
				CLANG_WARN_BOOL_CONVERSION = YES;
				CLANG_WARN_COMMA = YES;
				CLANG_WARN_CONSTANT_CONVERSION = YES;
				CLANG_WARN_DEPRECATED_OBJC_IMPLEMENTATIONS = YES;
				CLANG_WARN_DIRECT_OBJC_ISA_USAGE = YES_ERROR;
				CLANG_WARN_DOCUMENTATION_COMMENTS = YES;
				CLANG_WARN_EMPTY_BODY = YES;
				CLANG_WARN_ENUM_CONVERSION = YES;
				CLANG_WARN_INFINITE_RECURSION = YES;
				CLANG_WARN_INT_CONVERSION = YES;
				CLANG_WARN_NON_LITERAL_NULL_CONVERSION = YES;
				CLANG_WARN_OBJC_IMPLICIT_RETAIN_SELF = YES;
				CLANG_WARN_OBJC_LITERAL_CONVERSION = YES;
				CLANG_WARN_OBJC_ROOT_CLASS = YES_ERROR;
				CLANG_WARN_QUOTED_INCLUDE_IN_FRAMEWORK_HEADER = YES;
				CLANG_WARN_RANGE_LOOP_ANALYSIS = YES;
				CLANG_WARN_STRICT_PROTOTYPES = YES;
				CLANG_WARN_SUSPICIOUS_MOVE = YES;
				CLANG_WARN_UNGUARDED_AVAILABILITY = YES_AGGRESSIVE;
				CLANG_WARN_UNREACHABLE_CODE = YES;
				CLANG_WARN__DUPLICATE_METHOD_MATCH = YES;
				COPY_PHASE_STRIP = NO;
				DEBUG_INFORMATION_FORMAT = "dwarf-with-dsym";
				ENABLE_NS_ASSERTIONS = NO;
				ENABLE_STRICT_OBJC_MSGSEND = YES;
				GCC_C_LANGUAGE_STANDARD = gnu11;
				GCC_NO_COMMON_BLOCKS = YES;
				GCC_WARN_64_TO_32_BIT_CONVERSION = YES;
				GCC_WARN_ABOUT_RETURN_TYPE = YES_ERROR;
				GCC_WARN_UNDECLARED_SELECTOR = YES;
				GCC_WARN_UNINITIALIZED_AUTOS = YES_AGGRESSIVE;
				GCC_WARN_UNUSED_FUNCTION = YES;
				GCC_WARN_UNUSED_VARIABLE = YES;
				IPHONEOS_DEPLOYMENT_TARGET = 16.2;
				MTL_ENABLE_DEBUG_INFO = NO;
				MTL_FAST_MATH = YES;
				SDKROOT = iphoneos;
				SWIFT_COMPILATION_MODE = wholemodule;
				SWIFT_OPTIMIZATION_LEVEL = "-O";
				VALIDATE_PRODUCT = YES;
			};
			name = Release;
		};
		8AC74E5229F663440092B648 /* Debug */ = {
			isa = XCBuildConfiguration;
			buildSettings = {
				ASSETCATALOG_COMPILER_APPICON_NAME = AppIcon;
				ASSETCATALOG_COMPILER_GLOBAL_ACCENT_COLOR_NAME = AccentColor;
				CODE_SIGN_STYLE = Automatic;
				CURRENT_PROJECT_VERSION = 1;
				DEVELOPMENT_ASSET_PATHS = "\"WorkingWithList/Preview Content\"";
				ENABLE_PREVIEWS = YES;
				GENERATE_INFOPLIST_FILE = YES;
				INFOPLIST_KEY_UIApplicationSceneManifest_Generation = YES;
				INFOPLIST_KEY_UIApplicationSupportsIndirectInputEvents = YES;
				INFOPLIST_KEY_UILaunchScreen_Generation = YES;
				INFOPLIST_KEY_UISupportedInterfaceOrientations_iPad = "UIInterfaceOrientationPortrait UIInterfaceOrientationPortraitUpsideDown UIInterfaceOrientationLandscapeLeft UIInterfaceOrientationLandscapeRight";
				INFOPLIST_KEY_UISupportedInterfaceOrientations_iPhone = "UIInterfaceOrientationPortrait UIInterfaceOrientationLandscapeLeft UIInterfaceOrientationLandscapeRight";
				LD_RUNPATH_SEARCH_PATHS = (
					"$(inherited)",
					"@executable_path/Frameworks",
				);
				MARKETING_VERSION = 1.0;
				PRODUCT_BUNDLE_IDENTIFIER = Ios.WorkingWithList;
				PRODUCT_NAME = "$(TARGET_NAME)";
				SWIFT_EMIT_LOC_STRINGS = YES;
				SWIFT_VERSION = 5.0;
				TARGETED_DEVICE_FAMILY = "1,2";
			};
			name = Debug;
		};
		8AC74E5329F663440092B648 /* Release */ = {
			isa = XCBuildConfiguration;
			buildSettings = {
				ASSETCATALOG_COMPILER_APPICON_NAME = AppIcon;
				ASSETCATALOG_COMPILER_GLOBAL_ACCENT_COLOR_NAME = AccentColor;
				CODE_SIGN_STYLE = Automatic;
				CURRENT_PROJECT_VERSION = 1;
				DEVELOPMENT_ASSET_PATHS = "\"WorkingWithList/Preview Content\"";
				ENABLE_PREVIEWS = YES;
				GENERATE_INFOPLIST_FILE = YES;
				INFOPLIST_KEY_UIApplicationSceneManifest_Generation = YES;
				INFOPLIST_KEY_UIApplicationSupportsIndirectInputEvents = YES;
				INFOPLIST_KEY_UILaunchScreen_Generation = YES;
				INFOPLIST_KEY_UISupportedInterfaceOrientations_iPad = "UIInterfaceOrientationPortrait UIInterfaceOrientationPortraitUpsideDown UIInterfaceOrientationLandscapeLeft UIInterfaceOrientationLandscapeRight";
				INFOPLIST_KEY_UISupportedInterfaceOrientations_iPhone = "UIInterfaceOrientationPortrait UIInterfaceOrientationLandscapeLeft UIInterfaceOrientationLandscapeRight";
				LD_RUNPATH_SEARCH_PATHS = (
					"$(inherited)",
					"@executable_path/Frameworks",
				);
				MARKETING_VERSION = 1.0;
				PRODUCT_BUNDLE_IDENTIFIER = Ios.WorkingWithList;
				PRODUCT_NAME = "$(TARGET_NAME)";
				SWIFT_EMIT_LOC_STRINGS = YES;
				SWIFT_VERSION = 5.0;
				TARGETED_DEVICE_FAMILY = "1,2";
			};
			name = Release;
		};
/* End XCBuildConfiguration section */

/* Begin XCConfigurationList section */
		8AC74E3E29F663420092B648 /* Build configuration list for PBXProject "WorkingWithList" */ = {
			isa = XCConfigurationList;
			buildConfigurations = (
				8AC74E4F29F663440092B648 /* Debug */,
				8AC74E5029F663440092B648 /* Release */,
			);
			defaultConfigurationIsVisible = 0;
			defaultConfigurationName = Release;
		};
		8AC74E5129F663440092B648 /* Build configuration list for PBXNativeTarget "WorkingWithList" */ = {
			isa = XCConfigurationList;
			buildConfigurations = (
				8AC74E5229F663440092B648 /* Debug */,
				8AC74E5329F663440092B648 /* Release */,
			);
			defaultConfigurationIsVisible = 0;
			defaultConfigurationName = Release;
		};
/* End XCConfigurationList section */
	};
	rootObject = 8AC74E3B29F663420092B648 /* Project object */;
}
