// !$*UTF8*$!
{
	archiveVersion = 1;
	classes = {
	};
	objectVersion = 56;
	objects = {

/* Begin PBXBuildFile section */
		8A54B1AB2A4BD2430097F6A9 /* SwiftUIDemoApp.swift in Sources */ = {isa = PBXBuildFile; fileRef = 8A54B1AA2A4BD2430097F6A9 /* SwiftUIDemoApp.swift */; };
		8A54B1AD2A4BD2430097F6A9 /* ContentView.swift in Sources */ = {isa = PBXBuildFile; fileRef = 8A54B1AC2A4BD2430097F6A9 /* ContentView.swift */; };
		8A54B1AF2A4BD2450097F6A9 /* Assets.xcassets in Resources */ = {isa = PBXBuildFile; fileRef = 8A54B1AE2A4BD2450097F6A9 /* Assets.xcassets */; };
		8A54B1B22A4BD2450097F6A9 /* Preview Assets.xcassets in Resources */ = {isa = PBXBuildFile; fileRef = 8A54B1B12A4BD2450097F6A9 /* Preview Assets.xcassets */; };
		8A54B1BC2A4BD2450097F6A9 /* SwiftUIDemoTests.swift in Sources */ = {isa = PBXBuildFile; fileRef = 8A54B1BB2A4BD2450097F6A9 /* SwiftUIDemoTests.swift */; };
		8A54B1C62A4BD2450097F6A9 /* SwiftUIDemoUITests.swift in Sources */ = {isa = PBXBuildFile; fileRef = 8A54B1C52A4BD2450097F6A9 /* SwiftUIDemoUITests.swift */; };
		8A54B1C82A4BD2450097F6A9 /* SwiftUIDemoUITestsLaunchTests.swift in Sources */ = {isa = PBXBuildFile; fileRef = 8A54B1C72A4BD2450097F6A9 /* SwiftUIDemoUITestsLaunchTests.swift */; };
		8A54B1DD2A4BD2C30097F6A9 /* ChangeModeView.swift in Sources */ = {isa = PBXBuildFile; fileRef = 8A54B1D52A4BD2C30097F6A9 /* ChangeModeView.swift */; };
		8A54B1DE2A4BD2C30097F6A9 /* DetailView.swift in Sources */ = {isa = PBXBuildFile; fileRef = 8A54B1D72A4BD2C30097F6A9 /* DetailView.swift */; };
		8A54B1DF2A4BD2C30097F6A9 /* HomeView.swift in Sources */ = {isa = PBXBuildFile; fileRef = 8A54B1D82A4BD2C30097F6A9 /* HomeView.swift */; };
		8A54B1E02A4BD2C30097F6A9 /* SettingView.swift in Sources */ = {isa = PBXBuildFile; fileRef = 8A54B1D92A4BD2C30097F6A9 /* SettingView.swift */; };
		8A54B1E12A4BD2C30097F6A9 /* AppRootView.swift in Sources */ = {isa = PBXBuildFile; fileRef = 8A54B1DA2A4BD2C30097F6A9 /* AppRootView.swift */; };
		8A54B1E22A4BD2C30097F6A9 /* AlertModeView.swift in Sources */ = {isa = PBXBuildFile; fileRef = 8A54B1DC2A4BD2C30097F6A9 /* AlertModeView.swift */; };
		8A54B1E42A4BD2F50097F6A9 /* AppDelegate.swift in Sources */ = {isa = PBXBuildFile; fileRef = 8A54B1E32A4BD2F50097F6A9 /* AppDelegate.swift */; };
		8A54B1E62A4BD9EF0097F6A9 /* URLExt.swift in Sources */ = {isa = PBXBuildFile; fileRef = 8A54B1E52A4BD9EF0097F6A9 /* URLExt.swift */; };
/* End PBXBuildFile section */

/* Begin PBXContainerItemProxy section */
		8A54B1B82A4BD2450097F6A9 /* PBXContainerItemProxy */ = {
			isa = PBXContainerItemProxy;
			containerPortal = 8A54B19F2A4BD2430097F6A9 /* Project object */;
			proxyType = 1;
			remoteGlobalIDString = 8A54B1A62A4BD2430097F6A9;
			remoteInfo = SwiftUIDemo;
		};
		8A54B1C22A4BD2450097F6A9 /* PBXContainerItemProxy */ = {
			isa = PBXContainerItemProxy;
			containerPortal = 8A54B19F2A4BD2430097F6A9 /* Project object */;
			proxyType = 1;
			remoteGlobalIDString = 8A54B1A62A4BD2430097F6A9;
			remoteInfo = SwiftUIDemo;
		};
/* End PBXContainerItemProxy section */

/* Begin PBXFileReference section */
		8A54B1A72A4BD2430097F6A9 /* SwiftUIDemo.app */ = {isa = PBXFileReference; explicitFileType = wrapper.application; includeInIndex = 0; path = SwiftUIDemo.app; sourceTree = BUILT_PRODUCTS_DIR; };
		8A54B1AA2A4BD2430097F6A9 /* SwiftUIDemoApp.swift */ = {isa = PBXFileReference; lastKnownFileType = sourcecode.swift; path = SwiftUIDemoApp.swift; sourceTree = "<group>"; };
		8A54B1AC2A4BD2430097F6A9 /* ContentView.swift */ = {isa = PBXFileReference; lastKnownFileType = sourcecode.swift; path = ContentView.swift; sourceTree = "<group>"; };
		8A54B1AE2A4BD2450097F6A9 /* Assets.xcassets */ = {isa = PBXFileReference; lastKnownFileType = folder.assetcatalog; path = Assets.xcassets; sourceTree = "<group>"; };
		8A54B1B12A4BD2450097F6A9 /* Preview Assets.xcassets */ = {isa = PBXFileReference; lastKnownFileType = folder.assetcatalog; path = "Preview Assets.xcassets"; sourceTree = "<group>"; };
		8A54B1B72A4BD2450097F6A9 /* SwiftUIDemoTests.xctest */ = {isa = PBXFileReference; explicitFileType = wrapper.cfbundle; includeInIndex = 0; path = SwiftUIDemoTests.xctest; sourceTree = BUILT_PRODUCTS_DIR; };
		8A54B1BB2A4BD2450097F6A9 /* SwiftUIDemoTests.swift */ = {isa = PBXFileReference; lastKnownFileType = sourcecode.swift; path = SwiftUIDemoTests.swift; sourceTree = "<group>"; };
		8A54B1C12A4BD2450097F6A9 /* SwiftUIDemoUITests.xctest */ = {isa = PBXFileReference; explicitFileType = wrapper.cfbundle; includeInIndex = 0; path = SwiftUIDemoUITests.xctest; sourceTree = BUILT_PRODUCTS_DIR; };
		8A54B1C52A4BD2450097F6A9 /* SwiftUIDemoUITests.swift */ = {isa = PBXFileReference; lastKnownFileType = sourcecode.swift; path = SwiftUIDemoUITests.swift; sourceTree = "<group>"; };
		8A54B1C72A4BD2450097F6A9 /* SwiftUIDemoUITestsLaunchTests.swift */ = {isa = PBXFileReference; lastKnownFileType = sourcecode.swift; path = SwiftUIDemoUITestsLaunchTests.swift; sourceTree = "<group>"; };
		8A54B1D52A4BD2C30097F6A9 /* ChangeModeView.swift */ = {isa = PBXFileReference; fileEncoding = 4; lastKnownFileType = sourcecode.swift; path = ChangeModeView.swift; sourceTree = "<group>"; };
		8A54B1D72A4BD2C30097F6A9 /* DetailView.swift */ = {isa = PBXFileReference; fileEncoding = 4; lastKnownFileType = sourcecode.swift; path = DetailView.swift; sourceTree = "<group>"; };
		8A54B1D82A4BD2C30097F6A9 /* HomeView.swift */ = {isa = PBXFileReference; fileEncoding = 4; lastKnownFileType = sourcecode.swift; path = HomeView.swift; sourceTree = "<group>"; };
		8A54B1D92A4BD2C30097F6A9 /* SettingView.swift */ = {isa = PBXFileReference; fileEncoding = 4; lastKnownFileType = sourcecode.swift; path = SettingView.swift; sourceTree = "<group>"; };
		8A54B1DA2A4BD2C30097F6A9 /* AppRootView.swift */ = {isa = PBXFileReference; fileEncoding = 4; lastKnownFileType = sourcecode.swift; path = AppRootView.swift; sourceTree = "<group>"; };
		8A54B1DC2A4BD2C30097F6A9 /* AlertModeView.swift */ = {isa = PBXFileReference; fileEncoding = 4; lastKnownFileType = sourcecode.swift; path = AlertModeView.swift; sourceTree = "<group>"; };
		8A54B1E32A4BD2F50097F6A9 /* AppDelegate.swift */ = {isa = PBXFileReference; fileEncoding = 4; lastKnownFileType = sourcecode.swift; path = AppDelegate.swift; sourceTree = "<group>"; };
		8A54B1E52A4BD9EF0097F6A9 /* URLExt.swift */ = {isa = PBXFileReference; fileEncoding = 4; lastKnownFileType = sourcecode.swift; path = URLExt.swift; sourceTree = "<group>"; };
/* End PBXFileReference section */

/* Begin PBXFrameworksBuildPhase section */
		8A54B1A42A4BD2430097F6A9 /* Frameworks */ = {
			isa = PBXFrameworksBuildPhase;
			buildActionMask = 2147483647;
			files = (
			);
			runOnlyForDeploymentPostprocessing = 0;
		};
		8A54B1B42A4BD2450097F6A9 /* Frameworks */ = {
			isa = PBXFrameworksBuildPhase;
			buildActionMask = 2147483647;
			files = (
			);
			runOnlyForDeploymentPostprocessing = 0;
		};
		8A54B1BE2A4BD2450097F6A9 /* Frameworks */ = {
			isa = PBXFrameworksBuildPhase;
			buildActionMask = 2147483647;
			files = (
			);
			runOnlyForDeploymentPostprocessing = 0;
		};
/* End PBXFrameworksBuildPhase section */

/* Begin PBXGroup section */
		8A54B19E2A4BD2430097F6A9 = {
			isa = PBXGroup;
			children = (
				8A54B1A92A4BD2430097F6A9 /* SwiftUIDemo */,
				8A54B1BA2A4BD2450097F6A9 /* SwiftUIDemoTests */,
				8A54B1C42A4BD2450097F6A9 /* SwiftUIDemoUITests */,
				8A54B1A82A4BD2430097F6A9 /* Products */,
			);
			sourceTree = "<group>";
		};
		8A54B1A82A4BD2430097F6A9 /* Products */ = {
			isa = PBXGroup;
			children = (
				8A54B1A72A4BD2430097F6A9 /* SwiftUIDemo.app */,
				8A54B1B72A4BD2450097F6A9 /* SwiftUIDemoTests.xctest */,
				8A54B1C12A4BD2450097F6A9 /* SwiftUIDemoUITests.xctest */,
			);
			name = Products;
			sourceTree = "<group>";
		};
		8A54B1A92A4BD2430097F6A9 /* SwiftUIDemo */ = {
			isa = PBXGroup;
			children = (
				8A54B1E32A4BD2F50097F6A9 /* AppDelegate.swift */,
				8A54B1AE2A4BD2450097F6A9 /* Assets.xcassets */,
				8A54B1AC2A4BD2430097F6A9 /* ContentView.swift */,
				8A54B1D62A4BD2C30097F6A9 /* Exercise2 */,
				8A54B1D42A4BD2C30097F6A9 /* Exercise4 */,
				8A54B1DB2A4BD2C30097F6A9 /* Exercise5 */,
				8A54B1B02A4BD2450097F6A9 /* Preview Content */,
				8A54B1AA2A4BD2430097F6A9 /* SwiftUIDemoApp.swift */,
				8A54B1E52A4BD9EF0097F6A9 /* URLExt.swift */,
			);
			path = SwiftUIDemo;
			sourceTree = "<group>";
		};
		8A54B1B02A4BD2450097F6A9 /* Preview Content */ = {
			isa = PBXGroup;
			children = (
				8A54B1B12A4BD2450097F6A9 /* Preview Assets.xcassets */,
			);
			path = "Preview Content";
			sourceTree = "<group>";
		};
		8A54B1BA2A4BD2450097F6A9 /* SwiftUIDemoTests */ = {
			isa = PBXGroup;
			children = (
				8A54B1BB2A4BD2450097F6A9 /* SwiftUIDemoTests.swift */,
			);
			path = SwiftUIDemoTests;
			sourceTree = "<group>";
		};
		8A54B1C42A4BD2450097F6A9 /* SwiftUIDemoUITests */ = {
			isa = PBXGroup;
			children = (
				8A54B1C52A4BD2450097F6A9 /* SwiftUIDemoUITests.swift */,
				8A54B1C72A4BD2450097F6A9 /* SwiftUIDemoUITestsLaunchTests.swift */,
			);
			path = SwiftUIDemoUITests;
			sourceTree = "<group>";
		};
		8A54B1D42A4BD2C30097F6A9 /* Exercise4 */ = {
			isa = PBXGroup;
			children = (
				8A54B1D52A4BD2C30097F6A9 /* ChangeModeView.swift */,
			);
			path = Exercise4;
			sourceTree = "<group>";
		};
		8A54B1D62A4BD2C30097F6A9 /* Exercise2 */ = {
			isa = PBXGroup;
			children = (
				8A54B1D72A4BD2C30097F6A9 /* DetailView.swift */,
				8A54B1D82A4BD2C30097F6A9 /* HomeView.swift */,
				8A54B1D92A4BD2C30097F6A9 /* SettingView.swift */,
				8A54B1DA2A4BD2C30097F6A9 /* AppRootView.swift */,
			);
			path = Exercise2;
			sourceTree = "<group>";
		};
		8A54B1DB2A4BD2C30097F6A9 /* Exercise5 */ = {
			isa = PBXGroup;
			children = (
				8A54B1DC2A4BD2C30097F6A9 /* AlertModeView.swift */,
			);
			path = Exercise5;
			sourceTree = "<group>";
		};
/* End PBXGroup section */

/* Begin PBXNativeTarget section */
		8A54B1A62A4BD2430097F6A9 /* SwiftUIDemo */ = {
			isa = PBXNativeTarget;
			buildConfigurationList = 8A54B1CB2A4BD2450097F6A9 /* Build configuration list for PBXNativeTarget "SwiftUIDemo" */;
			buildPhases = (
				8A54B1A32A4BD2430097F6A9 /* Sources */,
				8A54B1A42A4BD2430097F6A9 /* Frameworks */,
				8A54B1A52A4BD2430097F6A9 /* Resources */,
			);
			buildRules = (
			);
			dependencies = (
			);
			name = SwiftUIDemo;
			productName = SwiftUIDemo;
			productReference = 8A54B1A72A4BD2430097F6A9 /* SwiftUIDemo.app */;
			productType = "com.apple.product-type.application";
		};
		8A54B1B62A4BD2450097F6A9 /* SwiftUIDemoTests */ = {
			isa = PBXNativeTarget;
			buildConfigurationList = 8A54B1CE2A4BD2450097F6A9 /* Build configuration list for PBXNativeTarget "SwiftUIDemoTests" */;
			buildPhases = (
				8A54B1B32A4BD2450097F6A9 /* Sources */,
				8A54B1B42A4BD2450097F6A9 /* Frameworks */,
				8A54B1B52A4BD2450097F6A9 /* Resources */,
			);
			buildRules = (
			);
			dependencies = (
				8A54B1B92A4BD2450097F6A9 /* PBXTargetDependency */,
			);
			name = SwiftUIDemoTests;
			productName = SwiftUIDemoTests;
			productReference = 8A54B1B72A4BD2450097F6A9 /* SwiftUIDemoTests.xctest */;
			productType = "com.apple.product-type.bundle.unit-test";
		};
		8A54B1C02A4BD2450097F6A9 /* SwiftUIDemoUITests */ = {
			isa = PBXNativeTarget;
			buildConfigurationList = 8A54B1D12A4BD2450097F6A9 /* Build configuration list for PBXNativeTarget "SwiftUIDemoUITests" */;
			buildPhases = (
				8A54B1BD2A4BD2450097F6A9 /* Sources */,
				8A54B1BE2A4BD2450097F6A9 /* Frameworks */,
				8A54B1BF2A4BD2450097F6A9 /* Resources */,
			);
			buildRules = (
			);
			dependencies = (
				8A54B1C32A4BD2450097F6A9 /* PBXTargetDependency */,
			);
			name = SwiftUIDemoUITests;
			productName = SwiftUIDemoUITests;
			productReference = 8A54B1C12A4BD2450097F6A9 /* SwiftUIDemoUITests.xctest */;
			productType = "com.apple.product-type.bundle.ui-testing";
		};
/* End PBXNativeTarget section */

/* Begin PBXProject section */
		8A54B19F2A4BD2430097F6A9 /* Project object */ = {
			isa = PBXProject;
			attributes = {
				BuildIndependentTargetsInParallel = 1;
				LastSwiftUpdateCheck = 1420;
				LastUpgradeCheck = 1420;
				TargetAttributes = {
					8A54B1A62A4BD2430097F6A9 = {
						CreatedOnToolsVersion = 14.2;
					};
					8A54B1B62A4BD2450097F6A9 = {
						CreatedOnToolsVersion = 14.2;
						TestTargetID = 8A54B1A62A4BD2430097F6A9;
					};
					8A54B1C02A4BD2450097F6A9 = {
						CreatedOnToolsVersion = 14.2;
						TestTargetID = 8A54B1A62A4BD2430097F6A9;
					};
				};
			};
			buildConfigurationList = 8A54B1A22A4BD2430097F6A9 /* Build configuration list for PBXProject "SwiftUIDemo" */;
			compatibilityVersion = "Xcode 14.0";
			developmentRegion = en;
			hasScannedForEncodings = 0;
			knownRegions = (
				en,
				Base,
			);
			mainGroup = 8A54B19E2A4BD2430097F6A9;
			productRefGroup = 8A54B1A82A4BD2430097F6A9 /* Products */;
			projectDirPath = "";
			projectRoot = "";
			targets = (
				8A54B1A62A4BD2430097F6A9 /* SwiftUIDemo */,
				8A54B1B62A4BD2450097F6A9 /* SwiftUIDemoTests */,
				8A54B1C02A4BD2450097F6A9 /* SwiftUIDemoUITests */,
			);
		};
/* End PBXProject section */

/* Begin PBXResourcesBuildPhase section */
		8A54B1A52A4BD2430097F6A9 /* Resources */ = {
			isa = PBXResourcesBuildPhase;
			buildActionMask = 2147483647;
			files = (
				8A54B1B22A4BD2450097F6A9 /* Preview Assets.xcassets in Resources */,
				8A54B1AF2A4BD2450097F6A9 /* Assets.xcassets in Resources */,
			);
			runOnlyForDeploymentPostprocessing = 0;
		};
		8A54B1B52A4BD2450097F6A9 /* Resources */ = {
			isa = PBXResourcesBuildPhase;
			buildActionMask = 2147483647;
			files = (
			);
			runOnlyForDeploymentPostprocessing = 0;
		};
		8A54B1BF2A4BD2450097F6A9 /* Resources */ = {
			isa = PBXResourcesBuildPhase;
			buildActionMask = 2147483647;
			files = (
			);
			runOnlyForDeploymentPostprocessing = 0;
		};
/* End PBXResourcesBuildPhase section */

/* Begin PBXSourcesBuildPhase section */
		8A54B1A32A4BD2430097F6A9 /* Sources */ = {
			isa = PBXSourcesBuildPhase;
			buildActionMask = 2147483647;
			files = (
				8A54B1DD2A4BD2C30097F6A9 /* ChangeModeView.swift in Sources */,
				8A54B1E12A4BD2C30097F6A9 /* AppRootView.swift in Sources */,
				8A54B1DE2A4BD2C30097F6A9 /* DetailView.swift in Sources */,
				8A54B1E42A4BD2F50097F6A9 /* AppDelegate.swift in Sources */,
				8A54B1AD2A4BD2430097F6A9 /* ContentView.swift in Sources */,
				8A54B1E62A4BD9EF0097F6A9 /* URLExt.swift in Sources */,
				8A54B1E02A4BD2C30097F6A9 /* SettingView.swift in Sources */,
				8A54B1DF2A4BD2C30097F6A9 /* HomeView.swift in Sources */,
				8A54B1E22A4BD2C30097F6A9 /* AlertModeView.swift in Sources */,
				8A54B1AB2A4BD2430097F6A9 /* SwiftUIDemoApp.swift in Sources */,
			);
			runOnlyForDeploymentPostprocessing = 0;
		};
		8A54B1B32A4BD2450097F6A9 /* Sources */ = {
			isa = PBXSourcesBuildPhase;
			buildActionMask = 2147483647;
			files = (
				8A54B1BC2A4BD2450097F6A9 /* SwiftUIDemoTests.swift in Sources */,
			);
			runOnlyForDeploymentPostprocessing = 0;
		};
		8A54B1BD2A4BD2450097F6A9 /* Sources */ = {
			isa = PBXSourcesBuildPhase;
			buildActionMask = 2147483647;
			files = (
				8A54B1C62A4BD2450097F6A9 /* SwiftUIDemoUITests.swift in Sources */,
				8A54B1C82A4BD2450097F6A9 /* SwiftUIDemoUITestsLaunchTests.swift in Sources */,
			);
			runOnlyForDeploymentPostprocessing = 0;
		};
/* End PBXSourcesBuildPhase section */

/* Begin PBXTargetDependency section */
		8A54B1B92A4BD2450097F6A9 /* PBXTargetDependency */ = {
			isa = PBXTargetDependency;
			target = 8A54B1A62A4BD2430097F6A9 /* SwiftUIDemo */;
			targetProxy = 8A54B1B82A4BD2450097F6A9 /* PBXContainerItemProxy */;
		};
		8A54B1C32A4BD2450097F6A9 /* PBXTargetDependency */ = {
			isa = PBXTargetDependency;
			target = 8A54B1A62A4BD2430097F6A9 /* SwiftUIDemo */;
			targetProxy = 8A54B1C22A4BD2450097F6A9 /* PBXContainerItemProxy */;
		};
/* End PBXTargetDependency section */

/* Begin XCBuildConfiguration section */
		8A54B1C92A4BD2450097F6A9 /* Debug */ = {
			isa = XCBuildConfiguration;
			buildSettings = {
				ALWAYS_SEARCH_USER_PATHS = NO;
				CLANG_ANALYZER_NONNULL = YES;
				CLANG_ANALYZER_NUMBER_OBJECT_CONVERSION = YES_AGGRESSIVE;
				CLANG_CXX_LANGUAGE_STANDARD = "gnu++20";
				CLANG_ENABLE_MODULES = YES;
				CLANG_ENABLE_OBJC_ARC = YES;
				CLANG_ENABLE_OBJC_WEAK = YES;
				CLANG_WARN_BLOCK_CAPTURE_AUTORELEASING = YES;
				CLANG_WARN_BOOL_CONVERSION = YES;
				CLANG_WARN_COMMA = YES;
				CLANG_WARN_CONSTANT_CONVERSION = YES;
				CLANG_WARN_DEPRECATED_OBJC_IMPLEMENTATIONS = YES;
				CLANG_WARN_DIRECT_OBJC_ISA_USAGE = YES_ERROR;
				CLANG_WARN_DOCUMENTATION_COMMENTS = YES;
				CLANG_WARN_EMPTY_BODY = YES;
				CLANG_WARN_ENUM_CONVERSION = YES;
				CLANG_WARN_INFINITE_RECURSION = YES;
				CLANG_WARN_INT_CONVERSION = YES;
				CLANG_WARN_NON_LITERAL_NULL_CONVERSION = YES;
				CLANG_WARN_OBJC_IMPLICIT_RETAIN_SELF = YES;
				CLANG_WARN_OBJC_LITERAL_CONVERSION = YES;
				CLANG_WARN_OBJC_ROOT_CLASS = YES_ERROR;
				CLANG_WARN_QUOTED_INCLUDE_IN_FRAMEWORK_HEADER = YES;
				CLANG_WARN_RANGE_LOOP_ANALYSIS = YES;
				CLANG_WARN_STRICT_PROTOTYPES = YES;
				CLANG_WARN_SUSPICIOUS_MOVE = YES;
				CLANG_WARN_UNGUARDED_AVAILABILITY = YES_AGGRESSIVE;
				CLANG_WARN_UNREACHABLE_CODE = YES;
				CLANG_WARN__DUPLICATE_METHOD_MATCH = YES;
				COPY_PHASE_STRIP = NO;
				DEBUG_INFORMATION_FORMAT = dwarf;
				ENABLE_STRICT_OBJC_MSGSEND = YES;
				ENABLE_TESTABILITY = YES;
				GCC_C_LANGUAGE_STANDARD = gnu11;
				GCC_DYNAMIC_NO_PIC = NO;
				GCC_NO_COMMON_BLOCKS = YES;
				GCC_OPTIMIZATION_LEVEL = 0;
				GCC_PREPROCESSOR_DEFINITIONS = (
					"DEBUG=1",
					"$(inherited)",
				);
				GCC_WARN_64_TO_32_BIT_CONVERSION = YES;
				GCC_WARN_ABOUT_RETURN_TYPE = YES_ERROR;
				GCC_WARN_UNDECLARED_SELECTOR = YES;
				GCC_WARN_UNINITIALIZED_AUTOS = YES_AGGRESSIVE;
				GCC_WARN_UNUSED_FUNCTION = YES;
				GCC_WARN_UNUSED_VARIABLE = YES;
				IPHONEOS_DEPLOYMENT_TARGET = 16.0;
				MTL_ENABLE_DEBUG_INFO = INCLUDE_SOURCE;
				MTL_FAST_MATH = YES;
				ONLY_ACTIVE_ARCH = YES;
				SDKROOT = iphoneos;
				SWIFT_ACTIVE_COMPILATION_CONDITIONS = DEBUG;
				SWIFT_OPTIMIZATION_LEVEL = "-Onone";
			};
			name = Debug;
		};
		8A54B1CA2A4BD2450097F6A9 /* Release */ = {
			isa = XCBuildConfiguration;
			buildSettings = {
				ALWAYS_SEARCH_USER_PATHS = NO;
				CLANG_ANALYZER_NONNULL = YES;
				CLANG_ANALYZER_NUMBER_OBJECT_CONVERSION = YES_AGGRESSIVE;
				CLANG_CXX_LANGUAGE_STANDARD = "gnu++20";
				CLANG_ENABLE_MODULES = YES;
				CLANG_ENABLE_OBJC_ARC = YES;
				CLANG_ENABLE_OBJC_WEAK = YES;
				CLANG_WARN_BLOCK_CAPTURE_AUTORELEASING = YES;
				CLANG_WARN_BOOL_CONVERSION = YES;
				CLANG_WARN_COMMA = YES;
				CLANG_WARN_CONSTANT_CONVERSION = YES;
				CLANG_WARN_DEPRECATED_OBJC_IMPLEMENTATIONS = YES;
				CLANG_WARN_DIRECT_OBJC_ISA_USAGE = YES_ERROR;
				CLANG_WARN_DOCUMENTATION_COMMENTS = YES;
				CLANG_WARN_EMPTY_BODY = YES;
				CLANG_WARN_ENUM_CONVERSION = YES;
				CLANG_WARN_INFINITE_RECURSION = YES;
				CLANG_WARN_INT_CONVERSION = YES;
				CLANG_WARN_NON_LITERAL_NULL_CONVERSION = YES;
				CLANG_WARN_OBJC_IMPLICIT_RETAIN_SELF = YES;
				CLANG_WARN_OBJC_LITERAL_CONVERSION = YES;
				CLANG_WARN_OBJC_ROOT_CLASS = YES_ERROR;
				CLANG_WARN_QUOTED_INCLUDE_IN_FRAMEWORK_HEADER = YES;
				CLANG_WARN_RANGE_LOOP_ANALYSIS = YES;
				CLANG_WARN_STRICT_PROTOTYPES = YES;
				CLANG_WARN_SUSPICIOUS_MOVE = YES;
				CLANG_WARN_UNGUARDED_AVAILABILITY = YES_AGGRESSIVE;
				CLANG_WARN_UNREACHABLE_CODE = YES;
				CLANG_WARN__DUPLICATE_METHOD_MATCH = YES;
				COPY_PHASE_STRIP = NO;
				DEBUG_INFORMATION_FORMAT = "dwarf-with-dsym";
				ENABLE_NS_ASSERTIONS = NO;
				ENABLE_STRICT_OBJC_MSGSEND = YES;
				GCC_C_LANGUAGE_STANDARD = gnu11;
				GCC_NO_COMMON_BLOCKS = YES;
				GCC_WARN_64_TO_32_BIT_CONVERSION = YES;
				GCC_WARN_ABOUT_RETURN_TYPE = YES_ERROR;
				GCC_WARN_UNDECLARED_SELECTOR = YES;
				GCC_WARN_UNINITIALIZED_AUTOS = YES_AGGRESSIVE;
				GCC_WARN_UNUSED_FUNCTION = YES;
				GCC_WARN_UNUSED_VARIABLE = YES;
				IPHONEOS_DEPLOYMENT_TARGET = 16.0;
				MTL_ENABLE_DEBUG_INFO = NO;
				MTL_FAST_MATH = YES;
				SDKROOT = iphoneos;
				SWIFT_COMPILATION_MODE = wholemodule;
				SWIFT_OPTIMIZATION_LEVEL = "-O";
				VALIDATE_PRODUCT = YES;
			};
			name = Release;
		};
		8A54B1CC2A4BD2450097F6A9 /* Debug */ = {
			isa = XCBuildConfiguration;
			buildSettings = {
				ASSETCATALOG_COMPILER_APPICON_NAME = AppIcon;
				ASSETCATALOG_COMPILER_GLOBAL_ACCENT_COLOR_NAME = AccentColor;
				CODE_SIGN_STYLE = Automatic;
				CURRENT_PROJECT_VERSION = 1;
				DEVELOPMENT_ASSET_PATHS = "\"SwiftUIDemo/Preview Content\"";
				ENABLE_PREVIEWS = YES;
				GENERATE_INFOPLIST_FILE = YES;
				INFOPLIST_KEY_UIApplicationSceneManifest_Generation = YES;
				INFOPLIST_KEY_UIApplicationSupportsIndirectInputEvents = YES;
				INFOPLIST_KEY_UILaunchScreen_Generation = YES;
				INFOPLIST_KEY_UISupportedInterfaceOrientations_iPad = "UIInterfaceOrientationPortrait UIInterfaceOrientationPortraitUpsideDown UIInterfaceOrientationLandscapeLeft UIInterfaceOrientationLandscapeRight";
				INFOPLIST_KEY_UISupportedInterfaceOrientations_iPhone = "UIInterfaceOrientationPortrait UIInterfaceOrientationLandscapeLeft UIInterfaceOrientationLandscapeRight";
				LD_RUNPATH_SEARCH_PATHS = (
					"$(inherited)",
					"@executable_path/Frameworks",
				);
				MARKETING_VERSION = 1.0;
				PRODUCT_BUNDLE_IDENTIFIER = ml.khoavo.SwiftUIDemo;
				PRODUCT_NAME = "$(TARGET_NAME)";
				SWIFT_EMIT_LOC_STRINGS = YES;
				SWIFT_VERSION = 5.0;
				TARGETED_DEVICE_FAMILY = "1,2";
			};
			name = Debug;
		};
		8A54B1CD2A4BD2450097F6A9 /* Release */ = {
			isa = XCBuildConfiguration;
			buildSettings = {
				ASSETCATALOG_COMPILER_APPICON_NAME = AppIcon;
				ASSETCATALOG_COMPILER_GLOBAL_ACCENT_COLOR_NAME = AccentColor;
				CODE_SIGN_STYLE = Automatic;
				CURRENT_PROJECT_VERSION = 1;
				DEVELOPMENT_ASSET_PATHS = "\"SwiftUIDemo/Preview Content\"";
				ENABLE_PREVIEWS = YES;
				GENERATE_INFOPLIST_FILE = YES;
				INFOPLIST_KEY_UIApplicationSceneManifest_Generation = YES;
				INFOPLIST_KEY_UIApplicationSupportsIndirectInputEvents = YES;
				INFOPLIST_KEY_UILaunchScreen_Generation = YES;
				INFOPLIST_KEY_UISupportedInterfaceOrientations_iPad = "UIInterfaceOrientationPortrait UIInterfaceOrientationPortraitUpsideDown UIInterfaceOrientationLandscapeLeft UIInterfaceOrientationLandscapeRight";
				INFOPLIST_KEY_UISupportedInterfaceOrientations_iPhone = "UIInterfaceOrientationPortrait UIInterfaceOrientationLandscapeLeft UIInterfaceOrientationLandscapeRight";
				LD_RUNPATH_SEARCH_PATHS = (
					"$(inherited)",
					"@executable_path/Frameworks",
				);
				MARKETING_VERSION = 1.0;
				PRODUCT_BUNDLE_IDENTIFIER = ml.khoavo.SwiftUIDemo;
				PRODUCT_NAME = "$(TARGET_NAME)";
				SWIFT_EMIT_LOC_STRINGS = YES;
				SWIFT_VERSION = 5.0;
				TARGETED_DEVICE_FAMILY = "1,2";
			};
			name = Release;
		};
		8A54B1CF2A4BD2450097F6A9 /* Debug */ = {
			isa = XCBuildConfiguration;
			buildSettings = {
				ALWAYS_EMBED_SWIFT_STANDARD_LIBRARIES = YES;
				BUNDLE_LOADER = "$(TEST_HOST)";
				CODE_SIGN_STYLE = Automatic;
				CURRENT_PROJECT_VERSION = 1;
				GENERATE_INFOPLIST_FILE = YES;
				IPHONEOS_DEPLOYMENT_TARGET = 16.0;
				MARKETING_VERSION = 1.0;
				PRODUCT_BUNDLE_IDENTIFIER = ml.khoavo.SwiftUIDemoTests;
				PRODUCT_NAME = "$(TARGET_NAME)";
				SWIFT_EMIT_LOC_STRINGS = NO;
				SWIFT_VERSION = 5.0;
				TARGETED_DEVICE_FAMILY = "1,2";
				TEST_HOST = "$(BUILT_PRODUCTS_DIR)/SwiftUIDemo.app/$(BUNDLE_EXECUTABLE_FOLDER_PATH)/SwiftUIDemo";
			};
			name = Debug;
		};
		8A54B1D02A4BD2450097F6A9 /* Release */ = {
			isa = XCBuildConfiguration;
			buildSettings = {
				ALWAYS_EMBED_SWIFT_STANDARD_LIBRARIES = YES;
				BUNDLE_LOADER = "$(TEST_HOST)";
				CODE_SIGN_STYLE = Automatic;
				CURRENT_PROJECT_VERSION = 1;
				GENERATE_INFOPLIST_FILE = YES;
				IPHONEOS_DEPLOYMENT_TARGET = 16.0;
				MARKETING_VERSION = 1.0;
				PRODUCT_BUNDLE_IDENTIFIER = ml.khoavo.SwiftUIDemoTests;
				PRODUCT_NAME = "$(TARGET_NAME)";
				SWIFT_EMIT_LOC_STRINGS = NO;
				SWIFT_VERSION = 5.0;
				TARGETED_DEVICE_FAMILY = "1,2";
				TEST_HOST = "$(BUILT_PRODUCTS_DIR)/SwiftUIDemo.app/$(BUNDLE_EXECUTABLE_FOLDER_PATH)/SwiftUIDemo";
			};
			name = Release;
		};
		8A54B1D22A4BD2450097F6A9 /* Debug */ = {
			isa = XCBuildConfiguration;
			buildSettings = {
				ALWAYS_EMBED_SWIFT_STANDARD_LIBRARIES = YES;
				CODE_SIGN_STYLE = Automatic;
				CURRENT_PROJECT_VERSION = 1;
				GENERATE_INFOPLIST_FILE = YES;
				MARKETING_VERSION = 1.0;
				PRODUCT_BUNDLE_IDENTIFIER = ml.khoavo.SwiftUIDemoUITests;
				PRODUCT_NAME = "$(TARGET_NAME)";
				SWIFT_EMIT_LOC_STRINGS = NO;
				SWIFT_VERSION = 5.0;
				TARGETED_DEVICE_FAMILY = "1,2";
				TEST_TARGET_NAME = SwiftUIDemo;
			};
			name = Debug;
		};
		8A54B1D32A4BD2450097F6A9 /* Release */ = {
			isa = XCBuildConfiguration;
			buildSettings = {
				ALWAYS_EMBED_SWIFT_STANDARD_LIBRARIES = YES;
				CODE_SIGN_STYLE = Automatic;
				CURRENT_PROJECT_VERSION = 1;
				GENERATE_INFOPLIST_FILE = YES;
				MARKETING_VERSION = 1.0;
				PRODUCT_BUNDLE_IDENTIFIER = ml.khoavo.SwiftUIDemoUITests;
				PRODUCT_NAME = "$(TARGET_NAME)";
				SWIFT_EMIT_LOC_STRINGS = NO;
				SWIFT_VERSION = 5.0;
				TARGETED_DEVICE_FAMILY = "1,2";
				TEST_TARGET_NAME = SwiftUIDemo;
			};
			name = Release;
		};
/* End XCBuildConfiguration section */

/* Begin XCConfigurationList section */
		8A54B1A22A4BD2430097F6A9 /* Build configuration list for PBXProject "SwiftUIDemo" */ = {
			isa = XCConfigurationList;
			buildConfigurations = (
				8A54B1C92A4BD2450097F6A9 /* Debug */,
				8A54B1CA2A4BD2450097F6A9 /* Release */,
			);
			defaultConfigurationIsVisible = 0;
			defaultConfigurationName = Release;
		};
		8A54B1CB2A4BD2450097F6A9 /* Build configuration list for PBXNativeTarget "SwiftUIDemo" */ = {
			isa = XCConfigurationList;
			buildConfigurations = (
				8A54B1CC2A4BD2450097F6A9 /* Debug */,
				8A54B1CD2A4BD2450097F6A9 /* Release */,
			);
			defaultConfigurationIsVisible = 0;
			defaultConfigurationName = Release;
		};
		8A54B1CE2A4BD2450097F6A9 /* Build configuration list for PBXNativeTarget "SwiftUIDemoTests" */ = {
			isa = XCConfigurationList;
			buildConfigurations = (
				8A54B1CF2A4BD2450097F6A9 /* Debug */,
				8A54B1D02A4BD2450097F6A9 /* Release */,
			);
			defaultConfigurationIsVisible = 0;
			defaultConfigurationName = Release;
		};
		8A54B1D12A4BD2450097F6A9 /* Build configuration list for PBXNativeTarget "SwiftUIDemoUITests" */ = {
			isa = XCConfigurationList;
			buildConfigurations = (
				8A54B1D22A4BD2450097F6A9 /* Debug */,
				8A54B1D32A4BD2450097F6A9 /* Release */,
			);
			defaultConfigurationIsVisible = 0;
			defaultConfigurationName = Release;
		};
/* End XCConfigurationList section */
	};
	rootObject = 8A54B19F2A4BD2430097F6A9 /* Project object */;
}
