// !$*UTF8*$!
{
	archiveVersion = 1;
	classes = {
	};
	objectVersion = 56;
	objects = {

/* Begin PBXBuildFile section */
		1008FAB12A08D4DB00DD0D3C /* RoutingApp.swift in Sources */ = {isa = PBXBuildFile; fileRef = 1008FAB02A08D4DB00DD0D3C /* RoutingApp.swift */; };
		1008FAB32A08D4DB00DD0D3C /* ContentView.swift in Sources */ = {isa = PBXBuildFile; fileRef = 1008FAB22A08D4DB00DD0D3C /* ContentView.swift */; };
		1008FAB52A08D4DE00DD0D3C /* Assets.xcassets in Resources */ = {isa = PBXBuildFile; fileRef = 1008FAB42A08D4DE00DD0D3C /* Assets.xcassets */; };
		1008FAB82A08D4DE00DD0D3C /* Preview Assets.xcassets in Resources */ = {isa = PBXBuildFile; fileRef = 1008FAB72A08D4DE00DD0D3C /* Preview Assets.xcassets */; };
		1008FAC02A08E90600DD0D3C /* LoginView.swift in Sources */ = {isa = PBXBuildFile; fileRef = 1008FABF2A08E90600DD0D3C /* LoginView.swift */; };
		104AEBBE2A1F6243003D3339 /* MyQRView.swift in Sources */ = {isa = PBXBuildFile; fileRef = 104AEBBD2A1F6243003D3339 /* MyQRView.swift */; };
		104AEBDA2A258ACA003D3339 /* ErrorManager.swift in Sources */ = {isa = PBXBuildFile; fileRef = 104AEBD92A258ACA003D3339 /* ErrorManager.swift */; };
		109FB2202A15D1A300C6337C /* TicketView.swift in Sources */ = {isa = PBXBuildFile; fileRef = 109FB21F2A15D1A300C6337C /* TicketView.swift */; };
		109FB2262A1B247700C6337C /* dummyJson.json in Resources */ = {isa = PBXBuildFile; fileRef = 109FB2252A1B247700C6337C /* dummyJson.json */; };
		109FB2292A1B25FE00C6337C /* HomeModel.swift in Sources */ = {isa = PBXBuildFile; fileRef = 109FB2282A1B25FE00C6337C /* HomeModel.swift */; };
		109FB22B2A1B45AA00C6337C /* HomeViewModel.swift in Sources */ = {isa = PBXBuildFile; fileRef = 109FB22A2A1B45AA00C6337C /* HomeViewModel.swift */; };
		109FB22F2A1BB1D400C6337C /* User.swift in Sources */ = {isa = PBXBuildFile; fileRef = 109FB22E2A1BB1D400C6337C /* User.swift */; };
		109FB23B2A1DA9AE00C6337C /* AccountView.swift in Sources */ = {isa = PBXBuildFile; fileRef = 109FB23A2A1DA9AE00C6337C /* AccountView.swift */; };
		109FB23D2A1EFD8F00C6337C /* AccountViewModel.swift in Sources */ = {isa = PBXBuildFile; fileRef = 109FB23C2A1EFD8F00C6337C /* AccountViewModel.swift */; };
		10B8036A2A0B390C0054DFDA /* RegisterView.swift in Sources */ = {isa = PBXBuildFile; fileRef = 10B803692A0B390C0054DFDA /* RegisterView.swift */; };
		10B8036C2A0CA28B0054DFDA /* ForgotPasswordView.swift in Sources */ = {isa = PBXBuildFile; fileRef = 10B8036B2A0CA28B0054DFDA /* ForgotPasswordView.swift */; };
		10E8A2092A110A75002FA9C8 /* LoginViewModel.swift in Sources */ = {isa = PBXBuildFile; fileRef = 10E8A2082A110A75002FA9C8 /* LoginViewModel.swift */; };
		10E8A20B2A110A81002FA9C8 /* RegisterViewModel.swift in Sources */ = {isa = PBXBuildFile; fileRef = 10E8A20A2A110A81002FA9C8 /* RegisterViewModel.swift */; };
		10E8A20D2A110A92002FA9C8 /* ForgotPasswordViewModel.swift in Sources */ = {isa = PBXBuildFile; fileRef = 10E8A20C2A110A92002FA9C8 /* ForgotPasswordViewModel.swift */; };
		10E8A2102A112CC1002FA9C8 /* StringExtension.swift in Sources */ = {isa = PBXBuildFile; fileRef = 10E8A20F2A112CC1002FA9C8 /* StringExtension.swift */; };
		10E8A2152A11429B002FA9C8 /* ErrorView.swift in Sources */ = {isa = PBXBuildFile; fileRef = 10E8A2142A11429B002FA9C8 /* ErrorView.swift */; };
		10E8A21D2A146FA3002FA9C8 /* MainView.swift in Sources */ = {isa = PBXBuildFile; fileRef = 10E8A21C2A146FA3002FA9C8 /* MainView.swift */; };
		10E8A21F2A146FDD002FA9C8 /* HomeView.swift in Sources */ = {isa = PBXBuildFile; fileRef = 10E8A21E2A146FDD002FA9C8 /* HomeView.swift */; };
		10E8A2212A146FED002FA9C8 /* MapView.swift in Sources */ = {isa = PBXBuildFile; fileRef = 10E8A2202A146FED002FA9C8 /* MapView.swift */; };
		10E8A2232A146FF7002FA9C8 /* VideosView.swift in Sources */ = {isa = PBXBuildFile; fileRef = 10E8A2222A146FF7002FA9C8 /* VideosView.swift */; };
		10E8A2272A147137002FA9C8 /* PlusTabbarButtonView.swift in Sources */ = {isa = PBXBuildFile; fileRef = 10E8A2262A147137002FA9C8 /* PlusTabbarButtonView.swift */; };
		10E8A2292A1474A3002FA9C8 /* MenuTabItem.swift in Sources */ = {isa = PBXBuildFile; fileRef = 10E8A2282A1474A3002FA9C8 /* MenuTabItem.swift */; };
		10E8A22E2A148EC1002FA9C8 /* TutorialModel.swift in Sources */ = {isa = PBXBuildFile; fileRef = 10E8A22B2A148EC1002FA9C8 /* TutorialModel.swift */; };
		10E8A22F2A148EC1002FA9C8 /* TutorialView.swift in Sources */ = {isa = PBXBuildFile; fileRef = 10E8A22C2A148EC1002FA9C8 /* TutorialView.swift */; };
		10E8A2302A148EC1002FA9C8 /* PageView.swift in Sources */ = {isa = PBXBuildFile; fileRef = 10E8A22D2A148EC1002FA9C8 /* PageView.swift */; };
/* End PBXBuildFile section */

/* Begin PBXFileReference section */
		1008FAAD2A08D4DB00DD0D3C /* Routing.app */ = {isa = PBXFileReference; explicitFileType = wrapper.application; includeInIndex = 0; path = Routing.app; sourceTree = BUILT_PRODUCTS_DIR; };
		1008FAB02A08D4DB00DD0D3C /* RoutingApp.swift */ = {isa = PBXFileReference; lastKnownFileType = sourcecode.swift; path = RoutingApp.swift; sourceTree = "<group>"; };
		1008FAB22A08D4DB00DD0D3C /* ContentView.swift */ = {isa = PBXFileReference; lastKnownFileType = sourcecode.swift; path = ContentView.swift; sourceTree = "<group>"; };
		1008FAB42A08D4DE00DD0D3C /* Assets.xcassets */ = {isa = PBXFileReference; lastKnownFileType = folder.assetcatalog; path = Assets.xcassets; sourceTree = "<group>"; };
		1008FAB72A08D4DE00DD0D3C /* Preview Assets.xcassets */ = {isa = PBXFileReference; lastKnownFileType = folder.assetcatalog; path = "Preview Assets.xcassets"; sourceTree = "<group>"; };
		1008FABF2A08E90600DD0D3C /* LoginView.swift */ = {isa = PBXFileReference; lastKnownFileType = sourcecode.swift; path = LoginView.swift; sourceTree = "<group>"; };
		104AEBBD2A1F6243003D3339 /* MyQRView.swift */ = {isa = PBXFileReference; lastKnownFileType = sourcecode.swift; path = MyQRView.swift; sourceTree = "<group>"; };
		104AEBD92A258ACA003D3339 /* ErrorManager.swift */ = {isa = PBXFileReference; lastKnownFileType = sourcecode.swift; path = ErrorManager.swift; sourceTree = "<group>"; };
		109FB21F2A15D1A300C6337C /* TicketView.swift */ = {isa = PBXFileReference; lastKnownFileType = sourcecode.swift; path = TicketView.swift; sourceTree = "<group>"; };
		109FB2252A1B247700C6337C /* dummyJson.json */ = {isa = PBXFileReference; fileEncoding = 4; lastKnownFileType = text.json; path = dummyJson.json; sourceTree = "<group>"; };
		109FB2282A1B25FE00C6337C /* HomeModel.swift */ = {isa = PBXFileReference; lastKnownFileType = sourcecode.swift; path = HomeModel.swift; sourceTree = "<group>"; };
		109FB22A2A1B45AA00C6337C /* HomeViewModel.swift */ = {isa = PBXFileReference; lastKnownFileType = sourcecode.swift; path = HomeViewModel.swift; sourceTree = "<group>"; };
		109FB22E2A1BB1D400C6337C /* User.swift */ = {isa = PBXFileReference; lastKnownFileType = sourcecode.swift; path = User.swift; sourceTree = "<group>"; };
		109FB23A2A1DA9AE00C6337C /* AccountView.swift */ = {isa = PBXFileReference; lastKnownFileType = sourcecode.swift; path = AccountView.swift; sourceTree = "<group>"; };
		109FB23C2A1EFD8F00C6337C /* AccountViewModel.swift */ = {isa = PBXFileReference; lastKnownFileType = sourcecode.swift; path = AccountViewModel.swift; sourceTree = "<group>"; };
		10B803692A0B390C0054DFDA /* RegisterView.swift */ = {isa = PBXFileReference; lastKnownFileType = sourcecode.swift; path = RegisterView.swift; sourceTree = "<group>"; };
		10B8036B2A0CA28B0054DFDA /* ForgotPasswordView.swift */ = {isa = PBXFileReference; lastKnownFileType = sourcecode.swift; path = ForgotPasswordView.swift; sourceTree = "<group>"; };
		10E8A2082A110A75002FA9C8 /* LoginViewModel.swift */ = {isa = PBXFileReference; lastKnownFileType = sourcecode.swift; path = LoginViewModel.swift; sourceTree = "<group>"; };
		10E8A20A2A110A81002FA9C8 /* RegisterViewModel.swift */ = {isa = PBXFileReference; lastKnownFileType = sourcecode.swift; path = RegisterViewModel.swift; sourceTree = "<group>"; };
		10E8A20C2A110A92002FA9C8 /* ForgotPasswordViewModel.swift */ = {isa = PBXFileReference; lastKnownFileType = sourcecode.swift; path = ForgotPasswordViewModel.swift; sourceTree = "<group>"; };
		10E8A20F2A112CC1002FA9C8 /* StringExtension.swift */ = {isa = PBXFileReference; lastKnownFileType = sourcecode.swift; path = StringExtension.swift; sourceTree = "<group>"; };
		10E8A2142A11429B002FA9C8 /* ErrorView.swift */ = {isa = PBXFileReference; lastKnownFileType = sourcecode.swift; path = ErrorView.swift; sourceTree = "<group>"; };
		10E8A21C2A146FA3002FA9C8 /* MainView.swift */ = {isa = PBXFileReference; lastKnownFileType = sourcecode.swift; path = MainView.swift; sourceTree = "<group>"; };
		10E8A21E2A146FDD002FA9C8 /* HomeView.swift */ = {isa = PBXFileReference; lastKnownFileType = sourcecode.swift; path = HomeView.swift; sourceTree = "<group>"; };
		10E8A2202A146FED002FA9C8 /* MapView.swift */ = {isa = PBXFileReference; lastKnownFileType = sourcecode.swift; path = MapView.swift; sourceTree = "<group>"; };
		10E8A2222A146FF7002FA9C8 /* VideosView.swift */ = {isa = PBXFileReference; lastKnownFileType = sourcecode.swift; path = VideosView.swift; sourceTree = "<group>"; };
		10E8A2262A147137002FA9C8 /* PlusTabbarButtonView.swift */ = {isa = PBXFileReference; lastKnownFileType = sourcecode.swift; path = PlusTabbarButtonView.swift; sourceTree = "<group>"; };
		10E8A2282A1474A3002FA9C8 /* MenuTabItem.swift */ = {isa = PBXFileReference; lastKnownFileType = sourcecode.swift; path = MenuTabItem.swift; sourceTree = "<group>"; };
		10E8A22B2A148EC1002FA9C8 /* TutorialModel.swift */ = {isa = PBXFileReference; fileEncoding = 4; lastKnownFileType = sourcecode.swift; path = TutorialModel.swift; sourceTree = "<group>"; };
		10E8A22C2A148EC1002FA9C8 /* TutorialView.swift */ = {isa = PBXFileReference; fileEncoding = 4; lastKnownFileType = sourcecode.swift; path = TutorialView.swift; sourceTree = "<group>"; };
		10E8A22D2A148EC1002FA9C8 /* PageView.swift */ = {isa = PBXFileReference; fileEncoding = 4; lastKnownFileType = sourcecode.swift; path = PageView.swift; sourceTree = "<group>"; };
/* End PBXFileReference section */

/* Begin PBXFrameworksBuildPhase section */
		1008FAAA2A08D4DB00DD0D3C /* Frameworks */ = {
			isa = PBXFrameworksBuildPhase;
			buildActionMask = 2147483647;
			files = (
			);
			runOnlyForDeploymentPostprocessing = 0;
		};
/* End PBXFrameworksBuildPhase section */

/* Begin PBXGroup section */
		1008FAA42A08D4DB00DD0D3C = {
			isa = PBXGroup;
			children = (
				1008FAAF2A08D4DB00DD0D3C /* Routing */,
				1008FAAE2A08D4DB00DD0D3C /* Products */,
			);
			sourceTree = "<group>";
		};
		1008FAAE2A08D4DB00DD0D3C /* Products */ = {
			isa = PBXGroup;
			children = (
				1008FAAD2A08D4DB00DD0D3C /* Routing.app */,
			);
			name = Products;
			sourceTree = "<group>";
		};
		1008FAAF2A08D4DB00DD0D3C /* Routing */ = {
			isa = PBXGroup;
			children = (
				109FB2272A1B25EC00C6337C /* Model */,
				109FB2242A1B246800C6337C /* dummyData */,
				10E8A22A2A148EC1002FA9C8 /* Tutorial */,
				10E8A21B2A146F8A002FA9C8 /* MainView */,
				10E8A2132A114289002FA9C8 /* Error */,
				10E8A20E2A112CA5002FA9C8 /* Extension */,
				10E8A2072A110A48002FA9C8 /* ForgotPassword */,
				10E8A2062A110A42002FA9C8 /* Register */,
				1008FABE2A08E8ED00DD0D3C /* Login */,
				1008FAB02A08D4DB00DD0D3C /* RoutingApp.swift */,
				1008FAB22A08D4DB00DD0D3C /* ContentView.swift */,
				1008FAB42A08D4DE00DD0D3C /* Assets.xcassets */,
				1008FAB62A08D4DE00DD0D3C /* Preview Content */,
			);
			path = Routing;
			sourceTree = "<group>";
		};
		1008FAB62A08D4DE00DD0D3C /* Preview Content */ = {
			isa = PBXGroup;
			children = (
				1008FAB72A08D4DE00DD0D3C /* Preview Assets.xcassets */,
			);
			path = "Preview Content";
			sourceTree = "<group>";
		};
		1008FABE2A08E8ED00DD0D3C /* Login */ = {
			isa = PBXGroup;
			children = (
				1008FABF2A08E90600DD0D3C /* LoginView.swift */,
				10E8A2082A110A75002FA9C8 /* LoginViewModel.swift */,
			);
			path = Login;
			sourceTree = "<group>";
		};
		104AEBBC2A1F6231003D3339 /* QR */ = {
			isa = PBXGroup;
			children = (
				104AEBBD2A1F6243003D3339 /* MyQRView.swift */,
			);
			path = QR;
			sourceTree = "<group>";
		};
		109FB2242A1B246800C6337C /* dummyData */ = {
			isa = PBXGroup;
			children = (
				109FB2252A1B247700C6337C /* dummyJson.json */,
			);
			path = dummyData;
			sourceTree = "<group>";
		};
		109FB2272A1B25EC00C6337C /* Model */ = {
			isa = PBXGroup;
			children = (
				109FB2282A1B25FE00C6337C /* HomeModel.swift */,
				109FB22E2A1BB1D400C6337C /* User.swift */,
			);
			path = Model;
			sourceTree = "<group>";
		};
		109FB2322A1DA06D00C6337C /* Home */ = {
			isa = PBXGroup;
			children = (
				10E8A21E2A146FDD002FA9C8 /* HomeView.swift */,
				109FB22A2A1B45AA00C6337C /* HomeViewModel.swift */,
			);
			path = Home;
			sourceTree = "<group>";
		};
		109FB2332A1DA07D00C6337C /* Map */ = {
			isa = PBXGroup;
			children = (
				10E8A2202A146FED002FA9C8 /* MapView.swift */,
			);
			path = Map;
			sourceTree = "<group>";
		};
		109FB2352A1DA09400C6337C /* Ticket */ = {
			isa = PBXGroup;
			children = (
				109FB21F2A15D1A300C6337C /* TicketView.swift */,
			);
			path = Ticket;
			sourceTree = "<group>";
		};
		109FB2362A1DA09E00C6337C /* Videos */ = {
			isa = PBXGroup;
			children = (
				10E8A2222A146FF7002FA9C8 /* VideosView.swift */,
			);
			path = Videos;
			sourceTree = "<group>";
		};
		109FB2392A1DA99900C6337C /* Account */ = {
			isa = PBXGroup;
			children = (
				104AEBBC2A1F6231003D3339 /* QR */,
				109FB23A2A1DA9AE00C6337C /* AccountView.swift */,
				109FB23C2A1EFD8F00C6337C /* AccountViewModel.swift */,
			);
			path = Account;
			sourceTree = "<group>";
		};
		10E8A2062A110A42002FA9C8 /* Register */ = {
			isa = PBXGroup;
			children = (
				10B803692A0B390C0054DFDA /* RegisterView.swift */,
				10E8A20A2A110A81002FA9C8 /* RegisterViewModel.swift */,
			);
			path = Register;
			sourceTree = "<group>";
		};
		10E8A2072A110A48002FA9C8 /* ForgotPassword */ = {
			isa = PBXGroup;
			children = (
				10B8036B2A0CA28B0054DFDA /* ForgotPasswordView.swift */,
				10E8A20C2A110A92002FA9C8 /* ForgotPasswordViewModel.swift */,
			);
			path = ForgotPassword;
			sourceTree = "<group>";
		};
		10E8A20E2A112CA5002FA9C8 /* Extension */ = {
			isa = PBXGroup;
			children = (
				10E8A20F2A112CC1002FA9C8 /* StringExtension.swift */,
			);
			path = Extension;
			sourceTree = "<group>";
		};
		10E8A2132A114289002FA9C8 /* Error */ = {
			isa = PBXGroup;
			children = (
				10E8A2142A11429B002FA9C8 /* ErrorView.swift */,
				104AEBD92A258ACA003D3339 /* ErrorManager.swift */,
			);
			path = Error;
			sourceTree = "<group>";
		};
		10E8A21B2A146F8A002FA9C8 /* MainView */ = {
			isa = PBXGroup;
			children = (
				109FB2392A1DA99900C6337C /* Account */,
				109FB2362A1DA09E00C6337C /* Videos */,
				109FB2352A1DA09400C6337C /* Ticket */,
				109FB2332A1DA07D00C6337C /* Map */,
				109FB2322A1DA06D00C6337C /* Home */,
				10E8A21C2A146FA3002FA9C8 /* MainView.swift */,
				10E8A2262A147137002FA9C8 /* PlusTabbarButtonView.swift */,
				10E8A2282A1474A3002FA9C8 /* MenuTabItem.swift */,
			);
			path = MainView;
			sourceTree = "<group>";
		};
		10E8A22A2A148EC1002FA9C8 /* Tutorial */ = {
			isa = PBXGroup;
			children = (
				10E8A22B2A148EC1002FA9C8 /* TutorialModel.swift */,
				10E8A22C2A148EC1002FA9C8 /* TutorialView.swift */,
				10E8A22D2A148EC1002FA9C8 /* PageView.swift */,
			);
			path = Tutorial;
			sourceTree = "<group>";
		};
/* End PBXGroup section */

/* Begin PBXNativeTarget section */
		1008FAAC2A08D4DB00DD0D3C /* Routing */ = {
			isa = PBXNativeTarget;
			buildConfigurationList = 1008FABB2A08D4DE00DD0D3C /* Build configuration list for PBXNativeTarget "Routing" */;
			buildPhases = (
				1008FAA92A08D4DB00DD0D3C /* Sources */,
				1008FAAA2A08D4DB00DD0D3C /* Frameworks */,
				1008FAAB2A08D4DB00DD0D3C /* Resources */,
			);
			buildRules = (
			);
			dependencies = (
			);
			name = Routing;
			productName = Routing;
			productReference = 1008FAAD2A08D4DB00DD0D3C /* Routing.app */;
			productType = "com.apple.product-type.application";
		};
/* End PBXNativeTarget section */

/* Begin PBXProject section */
		1008FAA52A08D4DB00DD0D3C /* Project object */ = {
			isa = PBXProject;
			attributes = {
				BuildIndependentTargetsInParallel = 1;
				LastSwiftUpdateCheck = 1400;
				LastUpgradeCheck = 1400;
				TargetAttributes = {
					1008FAAC2A08D4DB00DD0D3C = {
						CreatedOnToolsVersion = 14.0;
					};
				};
			};
			buildConfigurationList = 1008FAA82A08D4DB00DD0D3C /* Build configuration list for PBXProject "Routing" */;
			compatibilityVersion = "Xcode 14.0";
			developmentRegion = en;
			hasScannedForEncodings = 0;
			knownRegions = (
				en,
				Base,
			);
			mainGroup = 1008FAA42A08D4DB00DD0D3C;
			productRefGroup = 1008FAAE2A08D4DB00DD0D3C /* Products */;
			projectDirPath = "";
			projectRoot = "";
			targets = (
				1008FAAC2A08D4DB00DD0D3C /* Routing */,
			);
		};
/* End PBXProject section */

/* Begin PBXResourcesBuildPhase section */
		1008FAAB2A08D4DB00DD0D3C /* Resources */ = {
			isa = PBXResourcesBuildPhase;
			buildActionMask = 2147483647;
			files = (
				1008FAB82A08D4DE00DD0D3C /* Preview Assets.xcassets in Resources */,
				1008FAB52A08D4DE00DD0D3C /* Assets.xcassets in Resources */,
				109FB2262A1B247700C6337C /* dummyJson.json in Resources */,
			);
			runOnlyForDeploymentPostprocessing = 0;
		};
/* End PBXResourcesBuildPhase section */

/* Begin PBXSourcesBuildPhase section */
		1008FAA92A08D4DB00DD0D3C /* Sources */ = {
			isa = PBXSourcesBuildPhase;
			buildActionMask = 2147483647;
			files = (
				10E8A2232A146FF7002FA9C8 /* VideosView.swift in Sources */,
				10E8A21F2A146FDD002FA9C8 /* HomeView.swift in Sources */,
				109FB22F2A1BB1D400C6337C /* User.swift in Sources */,
				104AEBDA2A258ACA003D3339 /* ErrorManager.swift in Sources */,
				10E8A20D2A110A92002FA9C8 /* ForgotPasswordViewModel.swift in Sources */,
				109FB2292A1B25FE00C6337C /* HomeModel.swift in Sources */,
				1008FAC02A08E90600DD0D3C /* LoginView.swift in Sources */,
				10B8036A2A0B390C0054DFDA /* RegisterView.swift in Sources */,
				109FB2202A15D1A300C6337C /* TicketView.swift in Sources */,
				10E8A20B2A110A81002FA9C8 /* RegisterViewModel.swift in Sources */,
				10E8A2272A147137002FA9C8 /* PlusTabbarButtonView.swift in Sources */,
				10E8A22F2A148EC1002FA9C8 /* TutorialView.swift in Sources */,
				10E8A2212A146FED002FA9C8 /* MapView.swift in Sources */,
				10E8A2092A110A75002FA9C8 /* LoginViewModel.swift in Sources */,
				10E8A2152A11429B002FA9C8 /* ErrorView.swift in Sources */,
				10E8A2302A148EC1002FA9C8 /* PageView.swift in Sources */,
				10E8A2102A112CC1002FA9C8 /* StringExtension.swift in Sources */,
				10E8A22E2A148EC1002FA9C8 /* TutorialModel.swift in Sources */,
				1008FAB32A08D4DB00DD0D3C /* ContentView.swift in Sources */,
				109FB22B2A1B45AA00C6337C /* HomeViewModel.swift in Sources */,
				10B8036C2A0CA28B0054DFDA /* ForgotPasswordView.swift in Sources */,
				109FB23D2A1EFD8F00C6337C /* AccountViewModel.swift in Sources */,
				1008FAB12A08D4DB00DD0D3C /* RoutingApp.swift in Sources */,
				10E8A2292A1474A3002FA9C8 /* MenuTabItem.swift in Sources */,
				109FB23B2A1DA9AE00C6337C /* AccountView.swift in Sources */,
				10E8A21D2A146FA3002FA9C8 /* MainView.swift in Sources */,
				104AEBBE2A1F6243003D3339 /* MyQRView.swift in Sources */,
			);
			runOnlyForDeploymentPostprocessing = 0;
		};
/* End PBXSourcesBuildPhase section */

/* Begin XCBuildConfiguration section */
		1008FAB92A08D4DE00DD0D3C /* Debug */ = {
			isa = XCBuildConfiguration;
			buildSettings = {
				ALWAYS_SEARCH_USER_PATHS = NO;
				CLANG_ANALYZER_NONNULL = YES;
				CLANG_ANALYZER_NUMBER_OBJECT_CONVERSION = YES_AGGRESSIVE;
				CLANG_CXX_LANGUAGE_STANDARD = "gnu++20";
				CLANG_ENABLE_MODULES = YES;
				CLANG_ENABLE_OBJC_ARC = YES;
				CLANG_ENABLE_OBJC_WEAK = YES;
				CLANG_WARN_BLOCK_CAPTURE_AUTORELEASING = YES;
				CLANG_WARN_BOOL_CONVERSION = YES;
				CLANG_WARN_COMMA = YES;
				CLANG_WARN_CONSTANT_CONVERSION = YES;
				CLANG_WARN_DEPRECATED_OBJC_IMPLEMENTATIONS = YES;
				CLANG_WARN_DIRECT_OBJC_ISA_USAGE = YES_ERROR;
				CLANG_WARN_DOCUMENTATION_COMMENTS = YES;
				CLANG_WARN_EMPTY_BODY = YES;
				CLANG_WARN_ENUM_CONVERSION = YES;
				CLANG_WARN_INFINITE_RECURSION = YES;
				CLANG_WARN_INT_CONVERSION = YES;
				CLANG_WARN_NON_LITERAL_NULL_CONVERSION = YES;
				CLANG_WARN_OBJC_IMPLICIT_RETAIN_SELF = YES;
				CLANG_WARN_OBJC_LITERAL_CONVERSION = YES;
				CLANG_WARN_OBJC_ROOT_CLASS = YES_ERROR;
				CLANG_WARN_QUOTED_INCLUDE_IN_FRAMEWORK_HEADER = YES;
				CLANG_WARN_RANGE_LOOP_ANALYSIS = YES;
				CLANG_WARN_STRICT_PROTOTYPES = YES;
				CLANG_WARN_SUSPICIOUS_MOVE = YES;
				CLANG_WARN_UNGUARDED_AVAILABILITY = YES_AGGRESSIVE;
				CLANG_WARN_UNREACHABLE_CODE = YES;
				CLANG_WARN__DUPLICATE_METHOD_MATCH = YES;
				COPY_PHASE_STRIP = NO;
				DEBUG_INFORMATION_FORMAT = dwarf;
				ENABLE_STRICT_OBJC_MSGSEND = YES;
				ENABLE_TESTABILITY = YES;
				GCC_C_LANGUAGE_STANDARD = gnu11;
				GCC_DYNAMIC_NO_PIC = NO;
				GCC_NO_COMMON_BLOCKS = YES;
				GCC_OPTIMIZATION_LEVEL = 0;
				GCC_PREPROCESSOR_DEFINITIONS = (
					"DEBUG=1",
					"$(inherited)",
				);
				GCC_WARN_64_TO_32_BIT_CONVERSION = YES;
				GCC_WARN_ABOUT_RETURN_TYPE = YES_ERROR;
				GCC_WARN_UNDECLARED_SELECTOR = YES;
				GCC_WARN_UNINITIALIZED_AUTOS = YES_AGGRESSIVE;
				GCC_WARN_UNUSED_FUNCTION = YES;
				GCC_WARN_UNUSED_VARIABLE = YES;
				IPHONEOS_DEPLOYMENT_TARGET = 16.0;
				MTL_ENABLE_DEBUG_INFO = INCLUDE_SOURCE;
				MTL_FAST_MATH = YES;
				ONLY_ACTIVE_ARCH = YES;
				SDKROOT = iphoneos;
				SWIFT_ACTIVE_COMPILATION_CONDITIONS = DEBUG;
				SWIFT_OPTIMIZATION_LEVEL = "-Onone";
			};
			name = Debug;
		};
		1008FABA2A08D4DE00DD0D3C /* Release */ = {
			isa = XCBuildConfiguration;
			buildSettings = {
				ALWAYS_SEARCH_USER_PATHS = NO;
				CLANG_ANALYZER_NONNULL = YES;
				CLANG_ANALYZER_NUMBER_OBJECT_CONVERSION = YES_AGGRESSIVE;
				CLANG_CXX_LANGUAGE_STANDARD = "gnu++20";
				CLANG_ENABLE_MODULES = YES;
				CLANG_ENABLE_OBJC_ARC = YES;
				CLANG_ENABLE_OBJC_WEAK = YES;
				CLANG_WARN_BLOCK_CAPTURE_AUTORELEASING = YES;
				CLANG_WARN_BOOL_CONVERSION = YES;
				CLANG_WARN_COMMA = YES;
				CLANG_WARN_CONSTANT_CONVERSION = YES;
				CLANG_WARN_DEPRECATED_OBJC_IMPLEMENTATIONS = YES;
				CLANG_WARN_DIRECT_OBJC_ISA_USAGE = YES_ERROR;
				CLANG_WARN_DOCUMENTATION_COMMENTS = YES;
				CLANG_WARN_EMPTY_BODY = YES;
				CLANG_WARN_ENUM_CONVERSION = YES;
				CLANG_WARN_INFINITE_RECURSION = YES;
				CLANG_WARN_INT_CONVERSION = YES;
				CLANG_WARN_NON_LITERAL_NULL_CONVERSION = YES;
				CLANG_WARN_OBJC_IMPLICIT_RETAIN_SELF = YES;
				CLANG_WARN_OBJC_LITERAL_CONVERSION = YES;
				CLANG_WARN_OBJC_ROOT_CLASS = YES_ERROR;
				CLANG_WARN_QUOTED_INCLUDE_IN_FRAMEWORK_HEADER = YES;
				CLANG_WARN_RANGE_LOOP_ANALYSIS = YES;
				CLANG_WARN_STRICT_PROTOTYPES = YES;
				CLANG_WARN_SUSPICIOUS_MOVE = YES;
				CLANG_WARN_UNGUARDED_AVAILABILITY = YES_AGGRESSIVE;
				CLANG_WARN_UNREACHABLE_CODE = YES;
				CLANG_WARN__DUPLICATE_METHOD_MATCH = YES;
				COPY_PHASE_STRIP = NO;
				DEBUG_INFORMATION_FORMAT = "dwarf-with-dsym";
				ENABLE_NS_ASSERTIONS = NO;
				ENABLE_STRICT_OBJC_MSGSEND = YES;
				GCC_C_LANGUAGE_STANDARD = gnu11;
				GCC_NO_COMMON_BLOCKS = YES;
				GCC_WARN_64_TO_32_BIT_CONVERSION = YES;
				GCC_WARN_ABOUT_RETURN_TYPE = YES_ERROR;
				GCC_WARN_UNDECLARED_SELECTOR = YES;
				GCC_WARN_UNINITIALIZED_AUTOS = YES_AGGRESSIVE;
				GCC_WARN_UNUSED_FUNCTION = YES;
				GCC_WARN_UNUSED_VARIABLE = YES;
				IPHONEOS_DEPLOYMENT_TARGET = 16.0;
				MTL_ENABLE_DEBUG_INFO = NO;
				MTL_FAST_MATH = YES;
				SDKROOT = iphoneos;
				SWIFT_COMPILATION_MODE = wholemodule;
				SWIFT_OPTIMIZATION_LEVEL = "-O";
				VALIDATE_PRODUCT = YES;
			};
			name = Release;
		};
		1008FABC2A08D4DE00DD0D3C /* Debug */ = {
			isa = XCBuildConfiguration;
			buildSettings = {
				ASSETCATALOG_COMPILER_APPICON_NAME = AppIcon;
				ASSETCATALOG_COMPILER_GLOBAL_ACCENT_COLOR_NAME = AccentColor;
				CODE_SIGN_STYLE = Automatic;
				CURRENT_PROJECT_VERSION = 1;
				DEVELOPMENT_ASSET_PATHS = "\"Routing/Preview Content\"";
				DEVELOPMENT_TEAM = SW6LKJ7K3F;
				ENABLE_PREVIEWS = YES;
				GENERATE_INFOPLIST_FILE = YES;
				INFOPLIST_KEY_UIApplicationSceneManifest_Generation = YES;
				INFOPLIST_KEY_UIApplicationSupportsIndirectInputEvents = YES;
				INFOPLIST_KEY_UILaunchScreen_Generation = YES;
				INFOPLIST_KEY_UISupportedInterfaceOrientations_iPad = "UIInterfaceOrientationPortrait UIInterfaceOrientationPortraitUpsideDown UIInterfaceOrientationLandscapeLeft UIInterfaceOrientationLandscapeRight";
				INFOPLIST_KEY_UISupportedInterfaceOrientations_iPhone = "UIInterfaceOrientationPortrait UIInterfaceOrientationLandscapeLeft UIInterfaceOrientationLandscapeRight";
				LD_RUNPATH_SEARCH_PATHS = (
					"$(inherited)",
					"@executable_path/Frameworks",
				);
				MARKETING_VERSION = 1.0;
				PRODUCT_BUNDLE_IDENTIFIER = com.fc.app.1922.Routing;
				PRODUCT_NAME = "$(TARGET_NAME)";
				SWIFT_EMIT_LOC_STRINGS = YES;
				SWIFT_VERSION = 5.0;
				TARGETED_DEVICE_FAMILY = "1,2";
			};
			name = Debug;
		};
		1008FABD2A08D4DE00DD0D3C /* Release */ = {
			isa = XCBuildConfiguration;
			buildSettings = {
				ASSETCATALOG_COMPILER_APPICON_NAME = AppIcon;
				ASSETCATALOG_COMPILER_GLOBAL_ACCENT_COLOR_NAME = AccentColor;
				CODE_SIGN_STYLE = Automatic;
				CURRENT_PROJECT_VERSION = 1;
				DEVELOPMENT_ASSET_PATHS = "\"Routing/Preview Content\"";
				DEVELOPMENT_TEAM = SW6LKJ7K3F;
				ENABLE_PREVIEWS = YES;
				GENERATE_INFOPLIST_FILE = YES;
				INFOPLIST_KEY_UIApplicationSceneManifest_Generation = YES;
				INFOPLIST_KEY_UIApplicationSupportsIndirectInputEvents = YES;
				INFOPLIST_KEY_UILaunchScreen_Generation = YES;
				INFOPLIST_KEY_UISupportedInterfaceOrientations_iPad = "UIInterfaceOrientationPortrait UIInterfaceOrientationPortraitUpsideDown UIInterfaceOrientationLandscapeLeft UIInterfaceOrientationLandscapeRight";
				INFOPLIST_KEY_UISupportedInterfaceOrientations_iPhone = "UIInterfaceOrientationPortrait UIInterfaceOrientationLandscapeLeft UIInterfaceOrientationLandscapeRight";
				LD_RUNPATH_SEARCH_PATHS = (
					"$(inherited)",
					"@executable_path/Frameworks",
				);
				MARKETING_VERSION = 1.0;
				PRODUCT_BUNDLE_IDENTIFIER = com.fc.app.1922.Routing;
				PRODUCT_NAME = "$(TARGET_NAME)";
				SWIFT_EMIT_LOC_STRINGS = YES;
				SWIFT_VERSION = 5.0;
				TARGETED_DEVICE_FAMILY = "1,2";
			};
			name = Release;
		};
/* End XCBuildConfiguration section */

/* Begin XCConfigurationList section */
		1008FAA82A08D4DB00DD0D3C /* Build configuration list for PBXProject "Routing" */ = {
			isa = XCConfigurationList;
			buildConfigurations = (
				1008FAB92A08D4DE00DD0D3C /* Debug */,
				1008FABA2A08D4DE00DD0D3C /* Release */,
			);
			defaultConfigurationIsVisible = 0;
			defaultConfigurationName = Release;
		};
		1008FABB2A08D4DE00DD0D3C /* Build configuration list for PBXNativeTarget "Routing" */ = {
			isa = XCConfigurationList;
			buildConfigurations = (
				1008FABC2A08D4DE00DD0D3C /* Debug */,
				1008FABD2A08D4DE00DD0D3C /* Release */,
			);
			defaultConfigurationIsVisible = 0;
			defaultConfigurationName = Release;
		};
/* End XCConfigurationList section */
	};
	rootObject = 1008FAA52A08D4DB00DD0D3C /* Project object */;
}
