// !$*UTF8*$!
{
	archiveVersion = 1;
	classes = {
	};
	objectVersion = 56;
	objects = {

/* Begin PBXBuildFile section */
		8A2FD6A62A29D55300158D58 /* AsyncAwaitHandling.swift in Sources */ = {isa = PBXBuildFile; fileRef = 8A2FD6A52A29D55300158D58 /* AsyncAwaitHandling.swift */; };
		8A2FD6A82A29D9C600158D58 /* AsyncAwaitHandlingViewModel.swift in Sources */ = {isa = PBXBuildFile; fileRef = 8A2FD6A72A29D9C600158D58 /* AsyncAwaitHandlingViewModel.swift */; };
		8A2FD6AC2A2DBEB900158D58 /* ErrorHandlingView.swift in Sources */ = {isa = PBXBuildFile; fileRef = 8A2FD6AB2A2DBEB900158D58 /* ErrorHandlingView.swift */; };
		8A2FD6AE2A2DBECD00158D58 /* ErrorHandlingViewModel.swift in Sources */ = {isa = PBXBuildFile; fileRef = 8A2FD6AD2A2DBECD00158D58 /* ErrorHandlingViewModel.swift */; };
		8A2FD6B02A2DC13300158D58 /* API.swift in Sources */ = {isa = PBXBuildFile; fileRef = 8A2FD6AF2A2DC13300158D58 /* API.swift */; };
		8A2FD6B32A2F303B00158D58 /* DrinkCell.swift in Sources */ = {isa = PBXBuildFile; fileRef = 8A2FD6B22A2F303B00158D58 /* DrinkCell.swift */; };
		8AB4789D2A27395D00F6D805 /* ConnectAPIApp.swift in Sources */ = {isa = PBXBuildFile; fileRef = 8AB4789C2A27395D00F6D805 /* ConnectAPIApp.swift */; };
		8AB4789F2A27395D00F6D805 /* ContentView.swift in Sources */ = {isa = PBXBuildFile; fileRef = 8AB4789E2A27395D00F6D805 /* ContentView.swift */; };
		8AB478A12A27395F00F6D805 /* Assets.xcassets in Resources */ = {isa = PBXBuildFile; fileRef = 8AB478A02A27395F00F6D805 /* Assets.xcassets */; };
		8AB478A42A27395F00F6D805 /* Preview Assets.xcassets in Resources */ = {isa = PBXBuildFile; fileRef = 8AB478A32A27395F00F6D805 /* Preview Assets.xcassets */; };
		8AB478AB2A273A0B00F6D805 /* Networking.swift in Sources */ = {isa = PBXBuildFile; fileRef = 8AB478AA2A273A0B00F6D805 /* Networking.swift */; };
		8AB478AD2A284CAE00F6D805 /* CompletionHandling.swift in Sources */ = {isa = PBXBuildFile; fileRef = 8AB478AC2A284CAE00F6D805 /* CompletionHandling.swift */; };
		8AB478B12A284CF800F6D805 /* ApiManager.swift in Sources */ = {isa = PBXBuildFile; fileRef = 8AB478B02A284CF800F6D805 /* ApiManager.swift */; };
		8AB478B32A284D3A00F6D805 /* Cocktail.swift in Sources */ = {isa = PBXBuildFile; fileRef = 8AB478B22A284D3A00F6D805 /* Cocktail.swift */; };
		8AB478B72A28905800F6D805 /* CompletionHandlingViewModel.swift in Sources */ = {isa = PBXBuildFile; fileRef = 8AB478B62A28905800F6D805 /* CompletionHandlingViewModel.swift */; };
/* End PBXBuildFile section */

/* Begin PBXFileReference section */
		8A2FD6A52A29D55300158D58 /* AsyncAwaitHandling.swift */ = {isa = PBXFileReference; lastKnownFileType = sourcecode.swift; path = AsyncAwaitHandling.swift; sourceTree = "<group>"; };
		8A2FD6A72A29D9C600158D58 /* AsyncAwaitHandlingViewModel.swift */ = {isa = PBXFileReference; lastKnownFileType = sourcecode.swift; path = AsyncAwaitHandlingViewModel.swift; sourceTree = "<group>"; };
		8A2FD6AB2A2DBEB900158D58 /* ErrorHandlingView.swift */ = {isa = PBXFileReference; lastKnownFileType = sourcecode.swift; path = ErrorHandlingView.swift; sourceTree = "<group>"; };
		8A2FD6AD2A2DBECD00158D58 /* ErrorHandlingViewModel.swift */ = {isa = PBXFileReference; lastKnownFileType = sourcecode.swift; path = ErrorHandlingViewModel.swift; sourceTree = "<group>"; };
		8A2FD6AF2A2DC13300158D58 /* API.swift */ = {isa = PBXFileReference; lastKnownFileType = sourcecode.swift; path = API.swift; sourceTree = "<group>"; };
		8A2FD6B22A2F303B00158D58 /* DrinkCell.swift */ = {isa = PBXFileReference; lastKnownFileType = sourcecode.swift; path = DrinkCell.swift; sourceTree = "<group>"; };
		8AB478992A27395D00F6D805 /* ConnectAPI.app */ = {isa = PBXFileReference; explicitFileType = wrapper.application; includeInIndex = 0; path = ConnectAPI.app; sourceTree = BUILT_PRODUCTS_DIR; };
		8AB4789C2A27395D00F6D805 /* ConnectAPIApp.swift */ = {isa = PBXFileReference; lastKnownFileType = sourcecode.swift; path = ConnectAPIApp.swift; sourceTree = "<group>"; };
		8AB4789E2A27395D00F6D805 /* ContentView.swift */ = {isa = PBXFileReference; lastKnownFileType = sourcecode.swift; path = ContentView.swift; sourceTree = "<group>"; };
		8AB478A02A27395F00F6D805 /* Assets.xcassets */ = {isa = PBXFileReference; lastKnownFileType = folder.assetcatalog; path = Assets.xcassets; sourceTree = "<group>"; };
		8AB478A32A27395F00F6D805 /* Preview Assets.xcassets */ = {isa = PBXFileReference; lastKnownFileType = folder.assetcatalog; path = "Preview Assets.xcassets"; sourceTree = "<group>"; };
		8AB478AA2A273A0B00F6D805 /* Networking.swift */ = {isa = PBXFileReference; lastKnownFileType = sourcecode.swift; path = Networking.swift; sourceTree = "<group>"; };
		8AB478AC2A284CAE00F6D805 /* CompletionHandling.swift */ = {isa = PBXFileReference; lastKnownFileType = sourcecode.swift; path = CompletionHandling.swift; sourceTree = "<group>"; };
		8AB478B02A284CF800F6D805 /* ApiManager.swift */ = {isa = PBXFileReference; lastKnownFileType = sourcecode.swift; path = ApiManager.swift; sourceTree = "<group>"; };
		8AB478B22A284D3A00F6D805 /* Cocktail.swift */ = {isa = PBXFileReference; lastKnownFileType = sourcecode.swift; path = Cocktail.swift; sourceTree = "<group>"; };
		8AB478B62A28905800F6D805 /* CompletionHandlingViewModel.swift */ = {isa = PBXFileReference; lastKnownFileType = sourcecode.swift; path = CompletionHandlingViewModel.swift; sourceTree = "<group>"; };
/* End PBXFileReference section */

/* Begin PBXFrameworksBuildPhase section */
		8AB478962A27395D00F6D805 /* Frameworks */ = {
			isa = PBXFrameworksBuildPhase;
			buildActionMask = 2147483647;
			files = (
			);
			runOnlyForDeploymentPostprocessing = 0;
		};
/* End PBXFrameworksBuildPhase section */

/* Begin PBXGroup section */
		8A2FD6A42A29D4FD00158D58 /* Async await handling */ = {
			isa = PBXGroup;
			children = (
				8A2FD6A52A29D55300158D58 /* AsyncAwaitHandling.swift */,
				8A2FD6A72A29D9C600158D58 /* AsyncAwaitHandlingViewModel.swift */,
			);
			path = "Async await handling";
			sourceTree = "<group>";
		};
		8A2FD6A92A2DBE8500158D58 /* Networking */ = {
			isa = PBXGroup;
			children = (
				8AB478AA2A273A0B00F6D805 /* Networking.swift */,
			);
			path = Networking;
			sourceTree = "<group>";
		};
		8A2FD6AA2A2DBE9A00158D58 /* Erorr handling */ = {
			isa = PBXGroup;
			children = (
				8A2FD6AB2A2DBEB900158D58 /* ErrorHandlingView.swift */,
				8A2FD6AD2A2DBECD00158D58 /* ErrorHandlingViewModel.swift */,
			);
			path = "Erorr handling";
			sourceTree = "<group>";
		};
		8A2FD6B12A2F301C00158D58 /* Custom */ = {
			isa = PBXGroup;
			children = (
				8A2FD6B22A2F303B00158D58 /* DrinkCell.swift */,
			);
			path = Custom;
			sourceTree = "<group>";
		};
		8AB478902A27395D00F6D805 = {
			isa = PBXGroup;
			children = (
				8AB4789B2A27395D00F6D805 /* ConnectAPI */,
				8AB4789A2A27395D00F6D805 /* Products */,
			);
			sourceTree = "<group>";
		};
		8AB4789A2A27395D00F6D805 /* Products */ = {
			isa = PBXGroup;
			children = (
				8AB478992A27395D00F6D805 /* ConnectAPI.app */,
			);
			name = Products;
			sourceTree = "<group>";
		};
		8AB4789B2A27395D00F6D805 /* ConnectAPI */ = {
			isa = PBXGroup;
			children = (
				8A2FD6B12A2F301C00158D58 /* Custom */,
				8A2FD6AA2A2DBE9A00158D58 /* Erorr handling */,
				8A2FD6A92A2DBE8500158D58 /* Networking */,
				8A2FD6A42A29D4FD00158D58 /* Async await handling */,
				8AB478AF2A284CE800F6D805 /* Model */,
				8AB478AE2A284CBD00F6D805 /* Completion Handling */,
				8AB4789C2A27395D00F6D805 /* ConnectAPIApp.swift */,
				8AB4789E2A27395D00F6D805 /* ContentView.swift */,
				8AB478A02A27395F00F6D805 /* Assets.xcassets */,
				8AB478A22A27395F00F6D805 /* Preview Content */,
			);
			path = ConnectAPI;
			sourceTree = "<group>";
		};
		8AB478A22A27395F00F6D805 /* Preview Content */ = {
			isa = PBXGroup;
			children = (
				8AB478A32A27395F00F6D805 /* Preview Assets.xcassets */,
			);
			path = "Preview Content";
			sourceTree = "<group>";
		};
		8AB478AE2A284CBD00F6D805 /* Completion Handling */ = {
			isa = PBXGroup;
			children = (
				8AB478AC2A284CAE00F6D805 /* CompletionHandling.swift */,
				8AB478B62A28905800F6D805 /* CompletionHandlingViewModel.swift */,
			);
			path = "Completion Handling";
			sourceTree = "<group>";
		};
		8AB478AF2A284CE800F6D805 /* Model */ = {
			isa = PBXGroup;
			children = (
				8A2FD6AF2A2DC13300158D58 /* API.swift */,
				8AB478B02A284CF800F6D805 /* ApiManager.swift */,
				8AB478B22A284D3A00F6D805 /* Cocktail.swift */,
			);
			path = Model;
			sourceTree = "<group>";
		};
/* End PBXGroup section */

/* Begin PBXNativeTarget section */
		8AB478982A27395D00F6D805 /* ConnectAPI */ = {
			isa = PBXNativeTarget;
			buildConfigurationList = 8AB478A72A27395F00F6D805 /* Build configuration list for PBXNativeTarget "ConnectAPI" */;
			buildPhases = (
				8AB478952A27395D00F6D805 /* Sources */,
				8AB478962A27395D00F6D805 /* Frameworks */,
				8AB478972A27395D00F6D805 /* Resources */,
			);
			buildRules = (
			);
			dependencies = (
			);
			name = ConnectAPI;
			productName = ConnectAPI;
			productReference = 8AB478992A27395D00F6D805 /* ConnectAPI.app */;
			productType = "com.apple.product-type.application";
		};
/* End PBXNativeTarget section */

/* Begin PBXProject section */
		8AB478912A27395D00F6D805 /* Project object */ = {
			isa = PBXProject;
			attributes = {
				BuildIndependentTargetsInParallel = 1;
				LastSwiftUpdateCheck = 1420;
				LastUpgradeCheck = 1420;
				TargetAttributes = {
					8AB478982A27395D00F6D805 = {
						CreatedOnToolsVersion = 14.2;
					};
				};
			};
			buildConfigurationList = 8AB478942A27395D00F6D805 /* Build configuration list for PBXProject "ConnectAPI" */;
			compatibilityVersion = "Xcode 14.0";
			developmentRegion = en;
			hasScannedForEncodings = 0;
			knownRegions = (
				en,
				Base,
			);
			mainGroup = 8AB478902A27395D00F6D805;
			productRefGroup = 8AB4789A2A27395D00F6D805 /* Products */;
			projectDirPath = "";
			projectRoot = "";
			targets = (
				8AB478982A27395D00F6D805 /* ConnectAPI */,
			);
		};
/* End PBXProject section */

/* Begin PBXResourcesBuildPhase section */
		8AB478972A27395D00F6D805 /* Resources */ = {
			isa = PBXResourcesBuildPhase;
			buildActionMask = 2147483647;
			files = (
				8AB478A42A27395F00F6D805 /* Preview Assets.xcassets in Resources */,
				8AB478A12A27395F00F6D805 /* Assets.xcassets in Resources */,
			);
			runOnlyForDeploymentPostprocessing = 0;
		};
/* End PBXResourcesBuildPhase section */

/* Begin PBXSourcesBuildPhase section */
		8AB478952A27395D00F6D805 /* Sources */ = {
			isa = PBXSourcesBuildPhase;
			buildActionMask = 2147483647;
			files = (
				8A2FD6AC2A2DBEB900158D58 /* ErrorHandlingView.swift in Sources */,
				8A2FD6AE2A2DBECD00158D58 /* ErrorHandlingViewModel.swift in Sources */,
				8AB478AB2A273A0B00F6D805 /* Networking.swift in Sources */,
				8AB4789F2A27395D00F6D805 /* ContentView.swift in Sources */,
				8AB478B12A284CF800F6D805 /* ApiManager.swift in Sources */,
				8A2FD6A82A29D9C600158D58 /* AsyncAwaitHandlingViewModel.swift in Sources */,
				8A2FD6B32A2F303B00158D58 /* DrinkCell.swift in Sources */,
				8AB478B72A28905800F6D805 /* CompletionHandlingViewModel.swift in Sources */,
				8A2FD6A62A29D55300158D58 /* AsyncAwaitHandling.swift in Sources */,
				8AB478AD2A284CAE00F6D805 /* CompletionHandling.swift in Sources */,
				8AB478B32A284D3A00F6D805 /* Cocktail.swift in Sources */,
				8A2FD6B02A2DC13300158D58 /* API.swift in Sources */,
				8AB4789D2A27395D00F6D805 /* ConnectAPIApp.swift in Sources */,
			);
			runOnlyForDeploymentPostprocessing = 0;
		};
/* End PBXSourcesBuildPhase section */

/* Begin XCBuildConfiguration section */
		8AB478A52A27395F00F6D805 /* Debug */ = {
			isa = XCBuildConfiguration;
			buildSettings = {
				ALWAYS_SEARCH_USER_PATHS = NO;
				CLANG_ANALYZER_NONNULL = YES;
				CLANG_ANALYZER_NUMBER_OBJECT_CONVERSION = YES_AGGRESSIVE;
				CLANG_CXX_LANGUAGE_STANDARD = "gnu++20";
				CLANG_ENABLE_MODULES = YES;
				CLANG_ENABLE_OBJC_ARC = YES;
				CLANG_ENABLE_OBJC_WEAK = YES;
				CLANG_WARN_BLOCK_CAPTURE_AUTORELEASING = YES;
				CLANG_WARN_BOOL_CONVERSION = YES;
				CLANG_WARN_COMMA = YES;
				CLANG_WARN_CONSTANT_CONVERSION = YES;
				CLANG_WARN_DEPRECATED_OBJC_IMPLEMENTATIONS = YES;
				CLANG_WARN_DIRECT_OBJC_ISA_USAGE = YES_ERROR;
				CLANG_WARN_DOCUMENTATION_COMMENTS = YES;
				CLANG_WARN_EMPTY_BODY = YES;
				CLANG_WARN_ENUM_CONVERSION = YES;
				CLANG_WARN_INFINITE_RECURSION = YES;
				CLANG_WARN_INT_CONVERSION = YES;
				CLANG_WARN_NON_LITERAL_NULL_CONVERSION = YES;
				CLANG_WARN_OBJC_IMPLICIT_RETAIN_SELF = YES;
				CLANG_WARN_OBJC_LITERAL_CONVERSION = YES;
				CLANG_WARN_OBJC_ROOT_CLASS = YES_ERROR;
				CLANG_WARN_QUOTED_INCLUDE_IN_FRAMEWORK_HEADER = YES;
				CLANG_WARN_RANGE_LOOP_ANALYSIS = YES;
				CLANG_WARN_STRICT_PROTOTYPES = YES;
				CLANG_WARN_SUSPICIOUS_MOVE = YES;
				CLANG_WARN_UNGUARDED_AVAILABILITY = YES_AGGRESSIVE;
				CLANG_WARN_UNREACHABLE_CODE = YES;
				CLANG_WARN__DUPLICATE_METHOD_MATCH = YES;
				COPY_PHASE_STRIP = NO;
				DEBUG_INFORMATION_FORMAT = dwarf;
				ENABLE_STRICT_OBJC_MSGSEND = YES;
				ENABLE_TESTABILITY = YES;
				GCC_C_LANGUAGE_STANDARD = gnu11;
				GCC_DYNAMIC_NO_PIC = NO;
				GCC_NO_COMMON_BLOCKS = YES;
				GCC_OPTIMIZATION_LEVEL = 0;
				GCC_PREPROCESSOR_DEFINITIONS = (
					"DEBUG=1",
					"$(inherited)",
				);
				GCC_WARN_64_TO_32_BIT_CONVERSION = YES;
				GCC_WARN_ABOUT_RETURN_TYPE = YES_ERROR;
				GCC_WARN_UNDECLARED_SELECTOR = YES;
				GCC_WARN_UNINITIALIZED_AUTOS = YES_AGGRESSIVE;
				GCC_WARN_UNUSED_FUNCTION = YES;
				GCC_WARN_UNUSED_VARIABLE = YES;
				IPHONEOS_DEPLOYMENT_TARGET = 16.2;
				MTL_ENABLE_DEBUG_INFO = INCLUDE_SOURCE;
				MTL_FAST_MATH = YES;
				ONLY_ACTIVE_ARCH = YES;
				SDKROOT = iphoneos;
				SWIFT_ACTIVE_COMPILATION_CONDITIONS = DEBUG;
				SWIFT_OPTIMIZATION_LEVEL = "-Onone";
			};
			name = Debug;
		};
		8AB478A62A27395F00F6D805 /* Release */ = {
			isa = XCBuildConfiguration;
			buildSettings = {
				ALWAYS_SEARCH_USER_PATHS = NO;
				CLANG_ANALYZER_NONNULL = YES;
				CLANG_ANALYZER_NUMBER_OBJECT_CONVERSION = YES_AGGRESSIVE;
				CLANG_CXX_LANGUAGE_STANDARD = "gnu++20";
				CLANG_ENABLE_MODULES = YES;
				CLANG_ENABLE_OBJC_ARC = YES;
				CLANG_ENABLE_OBJC_WEAK = YES;
				CLANG_WARN_BLOCK_CAPTURE_AUTORELEASING = YES;
				CLANG_WARN_BOOL_CONVERSION = YES;
				CLANG_WARN_COMMA = YES;
				CLANG_WARN_CONSTANT_CONVERSION = YES;
				CLANG_WARN_DEPRECATED_OBJC_IMPLEMENTATIONS = YES;
				CLANG_WARN_DIRECT_OBJC_ISA_USAGE = YES_ERROR;
				CLANG_WARN_DOCUMENTATION_COMMENTS = YES;
				CLANG_WARN_EMPTY_BODY = YES;
				CLANG_WARN_ENUM_CONVERSION = YES;
				CLANG_WARN_INFINITE_RECURSION = YES;
				CLANG_WARN_INT_CONVERSION = YES;
				CLANG_WARN_NON_LITERAL_NULL_CONVERSION = YES;
				CLANG_WARN_OBJC_IMPLICIT_RETAIN_SELF = YES;
				CLANG_WARN_OBJC_LITERAL_CONVERSION = YES;
				CLANG_WARN_OBJC_ROOT_CLASS = YES_ERROR;
				CLANG_WARN_QUOTED_INCLUDE_IN_FRAMEWORK_HEADER = YES;
				CLANG_WARN_RANGE_LOOP_ANALYSIS = YES;
				CLANG_WARN_STRICT_PROTOTYPES = YES;
				CLANG_WARN_SUSPICIOUS_MOVE = YES;
				CLANG_WARN_UNGUARDED_AVAILABILITY = YES_AGGRESSIVE;
				CLANG_WARN_UNREACHABLE_CODE = YES;
				CLANG_WARN__DUPLICATE_METHOD_MATCH = YES;
				COPY_PHASE_STRIP = NO;
				DEBUG_INFORMATION_FORMAT = "dwarf-with-dsym";
				ENABLE_NS_ASSERTIONS = NO;
				ENABLE_STRICT_OBJC_MSGSEND = YES;
				GCC_C_LANGUAGE_STANDARD = gnu11;
				GCC_NO_COMMON_BLOCKS = YES;
				GCC_WARN_64_TO_32_BIT_CONVERSION = YES;
				GCC_WARN_ABOUT_RETURN_TYPE = YES_ERROR;
				GCC_WARN_UNDECLARED_SELECTOR = YES;
				GCC_WARN_UNINITIALIZED_AUTOS = YES_AGGRESSIVE;
				GCC_WARN_UNUSED_FUNCTION = YES;
				GCC_WARN_UNUSED_VARIABLE = YES;
				IPHONEOS_DEPLOYMENT_TARGET = 16.2;
				MTL_ENABLE_DEBUG_INFO = NO;
				MTL_FAST_MATH = YES;
				SDKROOT = iphoneos;
				SWIFT_COMPILATION_MODE = wholemodule;
				SWIFT_OPTIMIZATION_LEVEL = "-O";
				VALIDATE_PRODUCT = YES;
			};
			name = Release;
		};
		8AB478A82A27395F00F6D805 /* Debug */ = {
			isa = XCBuildConfiguration;
			buildSettings = {
				ASSETCATALOG_COMPILER_APPICON_NAME = AppIcon;
				ASSETCATALOG_COMPILER_GLOBAL_ACCENT_COLOR_NAME = AccentColor;
				CODE_SIGN_STYLE = Automatic;
				CURRENT_PROJECT_VERSION = 1;
				DEVELOPMENT_ASSET_PATHS = "\"ConnectAPI/Preview Content\"";
				ENABLE_PREVIEWS = YES;
				GENERATE_INFOPLIST_FILE = YES;
				INFOPLIST_KEY_UIApplicationSceneManifest_Generation = YES;
				INFOPLIST_KEY_UIApplicationSupportsIndirectInputEvents = YES;
				INFOPLIST_KEY_UILaunchScreen_Generation = YES;
				INFOPLIST_KEY_UISupportedInterfaceOrientations_iPad = "UIInterfaceOrientationPortrait UIInterfaceOrientationPortraitUpsideDown UIInterfaceOrientationLandscapeLeft UIInterfaceOrientationLandscapeRight";
				INFOPLIST_KEY_UISupportedInterfaceOrientations_iPhone = "UIInterfaceOrientationPortrait UIInterfaceOrientationLandscapeLeft UIInterfaceOrientationLandscapeRight";
				LD_RUNPATH_SEARCH_PATHS = (
					"$(inherited)",
					"@executable_path/Frameworks",
				);
				MARKETING_VERSION = 1.0;
				PRODUCT_BUNDLE_IDENTIFIER = Ios.ConnectAPI;
				PRODUCT_NAME = "$(TARGET_NAME)";
				SWIFT_EMIT_LOC_STRINGS = YES;
				SWIFT_VERSION = 5.0;
				TARGETED_DEVICE_FAMILY = "1,2";
			};
			name = Debug;
		};
		8AB478A92A27395F00F6D805 /* Release */ = {
			isa = XCBuildConfiguration;
			buildSettings = {
				ASSETCATALOG_COMPILER_APPICON_NAME = AppIcon;
				ASSETCATALOG_COMPILER_GLOBAL_ACCENT_COLOR_NAME = AccentColor;
				CODE_SIGN_STYLE = Automatic;
				CURRENT_PROJECT_VERSION = 1;
				DEVELOPMENT_ASSET_PATHS = "\"ConnectAPI/Preview Content\"";
				ENABLE_PREVIEWS = YES;
				GENERATE_INFOPLIST_FILE = YES;
				INFOPLIST_KEY_UIApplicationSceneManifest_Generation = YES;
				INFOPLIST_KEY_UIApplicationSupportsIndirectInputEvents = YES;
				INFOPLIST_KEY_UILaunchScreen_Generation = YES;
				INFOPLIST_KEY_UISupportedInterfaceOrientations_iPad = "UIInterfaceOrientationPortrait UIInterfaceOrientationPortraitUpsideDown UIInterfaceOrientationLandscapeLeft UIInterfaceOrientationLandscapeRight";
				INFOPLIST_KEY_UISupportedInterfaceOrientations_iPhone = "UIInterfaceOrientationPortrait UIInterfaceOrientationLandscapeLeft UIInterfaceOrientationLandscapeRight";
				LD_RUNPATH_SEARCH_PATHS = (
					"$(inherited)",
					"@executable_path/Frameworks",
				);
				MARKETING_VERSION = 1.0;
				PRODUCT_BUNDLE_IDENTIFIER = Ios.ConnectAPI;
				PRODUCT_NAME = "$(TARGET_NAME)";
				SWIFT_EMIT_LOC_STRINGS = YES;
				SWIFT_VERSION = 5.0;
				TARGETED_DEVICE_FAMILY = "1,2";
			};
			name = Release;
		};
/* End XCBuildConfiguration section */

/* Begin XCConfigurationList section */
		8AB478942A27395D00F6D805 /* Build configuration list for PBXProject "ConnectAPI" */ = {
			isa = XCConfigurationList;
			buildConfigurations = (
				8AB478A52A27395F00F6D805 /* Debug */,
				8AB478A62A27395F00F6D805 /* Release */,
			);
			defaultConfigurationIsVisible = 0;
			defaultConfigurationName = Release;
		};
		8AB478A72A27395F00F6D805 /* Build configuration list for PBXNativeTarget "ConnectAPI" */ = {
			isa = XCConfigurationList;
			buildConfigurations = (
				8AB478A82A27395F00F6D805 /* Debug */,
				8AB478A92A27395F00F6D805 /* Release */,
			);
			defaultConfigurationIsVisible = 0;
			defaultConfigurationName = Release;
		};
/* End XCConfigurationList section */
	};
	rootObject = 8AB478912A27395D00F6D805 /* Project object */;
}
